// !$*UTF8*$!
{
	archiveVersion = 1;
	classes = {
	};
	objectVersion = 46;
	objects = {

/* Begin PBXBuildFile section */
		64F52B0A1C47880F0089421D /* main.m in Sources */ = {isa = PBXBuildFile; fileRef = 64F52B091C47880F0089421D /* main.m */; };
		64F52B0D1C47880F0089421D /* AppDelegate.m in Sources */ = {isa = PBXBuildFile; fileRef = 64F52B0C1C47880F0089421D /* AppDelegate.m */; };
		64F52B101C47880F0089421D /* ViewController.m in Sources */ = {isa = PBXBuildFile; fileRef = 64F52B0F1C47880F0089421D /* ViewController.m */; };
		64F52B131C47880F0089421D /* Main.storyboard in Resources */ = {isa = PBXBuildFile; fileRef = 64F52B111C47880F0089421D /* Main.storyboard */; };
		64F52B151C47880F0089421D /* Assets.xcassets in Resources */ = {isa = PBXBuildFile; fileRef = 64F52B141C47880F0089421D /* Assets.xcassets */; };
		64F52B181C47880F0089421D /* LaunchScreen.storyboard in Resources */ = {isa = PBXBuildFile; fileRef = 64F52B161C47880F0089421D /* LaunchScreen.storyboard */; };
/* End PBXBuildFile section */

/* Begin PBXFileReference section */
		64F52B051C47880F0089421D /* Selector.app */ = {isa = PBXFileReference; explicitFileType = wrapper.application; includeInIndex = 0; path = Selector.app; sourceTree = BUILT_PRODUCTS_DIR; };
		64F52B091C47880F0089421D /* main.m */ = {isa = PBXFileReference; lastKnownFileType = sourcecode.c.objc; path = main.m; sourceTree = "<group>"; };
		64F52B0B1C47880F0089421D /* AppDelegate.h */ = {isa = PBXFileReference; lastKnownFileType = sourcecode.c.h; path = AppDelegate.h; sourceTree = "<group>"; };
		64F52B0C1C47880F0089421D /* AppDelegate.m */ = {isa = PBXFileReference; lastKnownFileType = sourcecode.c.objc; path = AppDelegate.m; sourceTree = "<group>"; };
		64F52B0E1C47880F0089421D /* ViewController.h */ = {isa = PBXFileReference; lastKnownFileType = sourcecode.c.h; path = ViewController.h; sourceTree = "<group>"; };
		64F52B0F1C47880F0089421D /* ViewController.m */ = {isa = PBXFileReference; lastKnownFileType = sourcecode.c.objc; path = ViewController.m; sourceTree = "<group>"; };
		64F52B121C47880F0089421D /* Base */ = {isa = PBXFileReference; lastKnownFileType = file.storyboard; name = Base; path = Base.lproj/Main.storyboard; sourceTree = "<group>"; };
		64F52B141C47880F0089421D /* Assets.xcassets */ = {isa = PBXFileReference; lastKnownFileType = folder.assetcatalog; path = Assets.xcassets; sourceTree = "<group>"; };
		64F52B171C47880F0089421D /* Base */ = {isa = PBXFileReference; lastKnownFileType = file.storyboard; name = Base; path = Base.lproj/LaunchScreen.storyboard; sourceTree = "<group>"; };
		64F52B191C47880F0089421D /* Info.plist */ = {isa = PBXFileReference; lastKnownFileType = text.plist.xml; path = Info.plist; sourceTree = "<group>"; };
/* End PBXFileReference section */

/* Begin PBXFrameworksBuildPhase section */
		64F52B021C47880F0089421D /* Frameworks */ = {
			isa = PBXFrameworksBuildPhase;
			buildActionMask = 2147483647;
			files = (
			);
			runOnlyForDeploymentPostprocessing = 0;
		};
/* End PBXFrameworksBuildPhase section */

/* Begin PBXGroup section */
		64F52AFC1C47880F0089421D = {
			isa = PBXGroup;
			children = (
				64F52B071C47880F0089421D /* Selector */,
				64F52B061C47880F0089421D /* Products */,
			);
			sourceTree = "<group>";
		};
		64F52B061C47880F0089421D /* Products */ = {
			isa = PBXGroup;
			children = (
				64F52B051C47880F0089421D /* Selector.app */,
			);
			name = Products;
			sourceTree = "<group>";
		};
		64F52B071C47880F0089421D /* Selector */ = {
			isa = PBXGroup;
			children = (
				64F52B0B1C47880F0089421D /* AppDelegate.h */,
				64F52B0C1C47880F0089421D /* AppDelegate.m */,
				64F52B0E1C47880F0089421D /* ViewController.h */,
				64F52B0F1C47880F0089421D /* ViewController.m */,
				64F52B111C47880F0089421D /* Main.storyboard */,
				64F52B141C47880F0089421D /* Assets.xcassets */,
				64F52B161C47880F0089421D /* LaunchScreen.storyboard */,
				64F52B191C47880F0089421D /* Info.plist */,
				64F52B081C47880F0089421D /* Supporting Files */,
			);
			path = Selector;
			sourceTree = "<group>";
		};
		64F52B081C47880F0089421D /* Supporting Files */ = {
			isa = PBXGroup;
			children = (
				64F52B091C47880F0089421D /* main.m */,
			);
			name = "Supporting Files";
			sourceTree = "<group>";
		};
/* End PBXGroup section */

/* Begin PBXNativeTarget section */
		64F52B041C47880F0089421D /* Selector */ = {
			isa = PBXNativeTarget;
			buildConfigurationList = 64F52B1C1C47880F0089421D /* Build configuration list for PBXNativeTarget "Selector" */;
			buildPhases = (
				64F52B011C47880F0089421D /* Sources */,
				64F52B021C47880F0089421D /* Frameworks */,
				64F52B031C47880F0089421D /* Resources */,
			);
			buildRules = (
			);
			dependencies = (
			);
			name = Selector;
			productName = Selector;
			productReference = 64F52B051C47880F0089421D /* Selector.app */;
			productType = "com.apple.product-type.application";
		};
/* End PBXNativeTarget section */

/* Begin PBXProject section */
		64F52AFD1C47880F0089421D /* Project object */ = {
			isa = PBXProject;
			attributes = {
				LastUpgradeCheck = 0720;
				ORGANIZATIONNAME = Binboy;
				TargetAttributes = {
					64F52B041C47880F0089421D = {
						CreatedOnToolsVersion = 7.2;
					};
				};
			};
			buildConfigurationList = 64F52B001C47880F0089421D /* Build configuration list for PBXProject "Selector" */;
			compatibilityVersion = "Xcode 3.2";
			developmentRegion = English;
			hasScannedForEncodings = 0;
			knownRegions = (
				en,
				Base,
			);
			mainGroup = 64F52AFC1C47880F0089421D;
			productRefGroup = 64F52B061C47880F0089421D /* Products */;
			projectDirPath = "";
			projectRoot = "";
			targets = (
				64F52B041C47880F0089421D /* Selector */,
			);
		};
/* End PBXProject section */

/* Begin PBXResourcesBuildPhase section */
		64F52B031C47880F0089421D /* Resources */ = {
			isa = PBXResourcesBuildPhase;
			buildActionMask = 2147483647;
			files = (
				64F52B181C47880F0089421D /* LaunchScreen.storyboard in Resources */,
				64F52B151C47880F0089421D /* Assets.xcassets in Resources */,
				64F52B131C47880F0089421D /* Main.storyboard in Resources */,
			);
			runOnlyForDeploymentPostprocessing = 0;
		};
/* End PBXResourcesBuildPhase section */

/* Begin PBXSourcesBuildPhase section */
		64F52B011C47880F0089421D /* Sources */ = {
			isa = PBXSourcesBuildPhase;
			buildActionMask = 2147483647;
			files = (
				64F52B101C47880F0089421D /* ViewController.m in Sources */,
				64F52B0D1C47880F0089421D /* AppDelegate.m in Sources */,
				64F52B0A1C47880F0089421D /* main.m in Sources */,
			);
			runOnlyForDeploymentPostprocessing = 0;
		};
/* End PBXSourcesBuildPhase section */

/* Begin PBXVariantGroup section */
		64F52B111C47880F0089421D /* Main.storyboard */ = {
			isa = PBXVariantGroup;
			children = (
				64F52B121C47880F0089421D /* Base */,
			);
			name = Main.storyboard;
			sourceTree = "<group>";
		};
		64F52B161C47880F0089421D /* LaunchScreen.storyboard */ = {
			isa = PBXVariantGroup;
			children = (
				64F52B171C47880F0089421D /* Base */,
			);
			name = LaunchScreen.storyboard;
			sourceTree = "<group>";
		};
/* End PBXVariantGroup section */

/* Begin XCBuildConfiguration section */
		64F52B1A1C47880F0089421D /* Debug */ = {
			isa = XCBuildConfiguration;
			buildSettings = {
				ALWAYS_SEARCH_USER_PATHS = NO;
				CLANG_CXX_LANGUAGE_STANDARD = "gnu++0x";
				CLANG_CXX_LIBRARY = "libc++";
				CLANG_ENABLE_MODULES = YES;
				CLANG_ENABLE_OBJC_ARC = YES;
				CLANG_WARN_BOOL_CONVERSION = YES;
				CLANG_WARN_CONSTANT_CONVERSION = YES;
				CLANG_WARN_DIRECT_OBJC_ISA_USAGE = YES_ERROR;
				CLANG_WARN_EMPTY_BODY = YES;
				CLANG_WARN_ENUM_CONVERSION = YES;
				CLANG_WARN_INT_CONVERSION = YES;
				CLANG_WARN_OBJC_ROOT_CLASS = YES_ERROR;
				CLANG_WARN_UNREACHABLE_CODE = YES;
				CLANG_WARN__DUPLICATE_METHOD_MATCH = YES;
				"CODE_SIGN_IDENTITY[sdk=iphoneos*]" = "iPhone Developer";
				COPY_PHASE_STRIP = NO;
				DEBUG_INFORMATION_FORMAT = dwarf;
				ENABLE_STRICT_OBJC_MSGSEND = YES;
				ENABLE_TESTABILITY = YES;
				GCC_C_LANGUAGE_STANDARD = gnu99;
				GCC_DYNAMIC_NO_PIC = NO;
				GCC_NO_COMMON_BLOCKS = YES;
				GCC_OPTIMIZATION_LEVEL = 0;
				GCC_PREPROCESSOR_DEFINITIONS = (
					"DEBUG=1",
					"$(inherited)",
				);
				GCC_WARN_64_TO_32_BIT_CONVERSION = YES;
				GCC_WARN_ABOUT_RETURN_TYPE = YES_ERROR;
				GCC_WARN_UNDECLARED_SELECTOR = YES;
				GCC_WARN_UNINITIALIZED_AUTOS = YES_AGGRESSIVE;
				GCC_WARN_UNUSED_FUNCTION = YES;
				GCC_WARN_UNUSED_VARIABLE = YES;
				IPHONEOS_DEPLOYMENT_TARGET = 9.2;
				MTL_ENABLE_DEBUG_INFO = YES;
				ONLY_ACTIVE_ARCH = YES;
				SDKROOT = iphoneos;
			};
			name = Debug;
		};
		64F52B1B1C47880F0089421D /* Release */ = {
			isa = XCBuildConfiguration;
			buildSettings = {
				ALWAYS_SEARCH_USER_PATHS = NO;
				CLANG_CXX_LANGUAGE_STANDARD = "gnu++0x";
				CLANG_CXX_LIBRARY = "libc++";
				CLANG_ENABLE_MODULES = YES;
				CLANG_ENABLE_OBJC_ARC = YES;
				CLANG_WARN_BOOL_CONVERSION = YES;
				CLANG_WARN_CONSTANT_CONVERSION = YES;
				CLANG_WARN_DIRECT_OBJC_ISA_USAGE = YES_ERROR;
				CLANG_WARN_EMPTY_BODY = YES;
				CLANG_WARN_ENUM_CONVERSION = YES;
				CLANG_WARN_INT_CONVERSION = YES;
				CLANG_WARN_OBJC_ROOT_CLASS = YES_ERROR;
				CLANG_WARN_UNREACHABLE_CODE = YES;
				CLANG_WARN__DUPLICATE_METHOD_MATCH = YES;
				"CODE_SIGN_IDENTITY[sdk=iphoneos*]" = "iPhone Developer";
				COPY_PHASE_STRIP = NO;
				DEBUG_INFORMATION_FORMAT = "dwarf-with-dsym";
				ENABLE_NS_ASSERTIONS = NO;
				ENABLE_STRICT_OBJC_MSGSEND = YES;
				GCC_C_LANGUAGE_STANDARD = gnu99;
				GCC_NO_COMMON_BLOCKS = YES;
				GCC_WARN_64_TO_32_BIT_CONVERSION = YES;
				GCC_WARN_ABOUT_RETURN_TYPE = YES_ERROR;
				GCC_WARN_UNDECLARED_SELECTOR = YES;
				GCC_WARN_UNINITIALIZED_AUTOS = YES_AGGRESSIVE;
				GCC_WARN_UNUSED_FUNCTION = YES;
				GCC_WARN_UNUSED_VARIABLE = YES;
				IPHONEOS_DEPLOYMENT_TARGET = 9.2;
				MTL_ENABLE_DEBUG_INFO = NO;
				SDKROOT = iphoneos;
				VALIDATE_PRODUCT = YES;
			};
			name = Release;
		};
		64F52B1D1C47880F0089421D /* Debug */ = {
			isa = XCBuildConfiguration;
			buildSettings = {
				ASSETCATALOG_COMPILER_APPICON_NAME = AppIcon;
				INFOPLIST_FILE = Selector/Info.plist;
				LD_RUNPATH_SEARCH_PATHS = "$(inherited) @executable_path/Frameworks";
				PRODUCT_BUNDLE_IDENTIFIER = Binlogo.Selector;
				PRODUCT_NAME = "$(TARGET_NAME)";
			};
			name = Debug;
		};
		64F52B1E1C47880F0089421D /* Release */ = {
			isa = XCBuildConfiguration;
			buildSettings = {
				ASSETCATALOG_COMPILER_APPICON_NAME = AppIcon;
				INFOPLIST_FILE = Selector/Info.plist;
				LD_RUNPATH_SEARCH_PATHS = "$(inherited) @executable_path/Frameworks";
				PRODUCT_BUNDLE_IDENTIFIER = Binlogo.Selector;
				PRODUCT_NAME = "$(TARGET_NAME)";
			};
			name = Release;
		};
/* End XCBuildConfiguration section */

/* Begin XCConfigurationList section */
		64F52B001C47880F0089421D /* Build configuration list for PBXProject "Selector" */ = {
			isa = XCConfigurationList;
			buildConfigurations = (
				64F52B1A1C47880F0089421D /* Debug */,
				64F52B1B1C47880F0089421D /* Release */,
			);
			defaultConfigurationIsVisible = 0;
			defaultConfigurationName = Release;
		};
		64F52B1C1C47880F0089421D /* Build configuration list for PBXNativeTarget "Selector" */ = {
			isa = XCConfigurationList;
			buildConfigurations = (
				64F52B1D1C47880F0089421D /* Debug */,
				64F52B1E1C47880F0089421D /* Release */,
			);
			defaultConfigurationIsVisible = 0;
		};
/* End XCConfigurationList section */
	};
	rootObject = 64F52AFD1C47880F0089421D /* Project object */;
}
