// !$*UTF8*$!
{
	archiveVersion = 1;
	classes = {
	};
	objectVersion = 46;
	objects = {

/* Begin PBXBuildFile section */
		AE1726B11B6F889200AFBC4C /* main.m in Sources */ = {isa = PBXBuildFile; fileRef = AE1726B01B6F889200AFBC4C /* main.m */; };
		AE1726B41B6F889200AFBC4C /* AppDelegate.m in Sources */ = {isa = PBXBuildFile; fileRef = AE1726B31B6F889200AFBC4C /* AppDelegate.m */; };
		AE1726B71B6F889200AFBC4C /* ViewController.m in Sources */ = {isa = PBXBuildFile; fileRef = AE1726B61B6F889200AFBC4C /* ViewController.m */; };
		AE1726BA1B6F889200AFBC4C /* Main.storyboard in Resources */ = {isa = PBXBuildFile; fileRef = AE1726B81B6F889200AFBC4C /* Main.storyboard */; };
		AE1726BC1B6F889200AFBC4C /* Images.xcassets in Resources */ = {isa = PBXBuildFile; fileRef = AE1726BB1B6F889200AFBC4C /* Images.xcassets */; };
		AE1726BF1B6F889200AFBC4C /* LaunchScreen.xib in Resources */ = {isa = PBXBuildFile; fileRef = AE1726BD1B6F889200AFBC4C /* LaunchScreen.xib */; };
		AE1726CB1B6F889200AFBC4C /* OrientationsTests.m in Sources */ = {isa = PBXBuildFile; fileRef = AE1726CA1B6F889200AFBC4C /* OrientationsTests.m */; };
/* End PBXBuildFile section */

/* Begin PBXContainerItemProxy section */
		AE1726C51B6F889200AFBC4C /* PBXContainerItemProxy */ = {
			isa = PBXContainerItemProxy;
			containerPortal = AE1726A31B6F889200AFBC4C /* Project object */;
			proxyType = 1;
			remoteGlobalIDString = AE1726AA1B6F889200AFBC4C;
			remoteInfo = Orientations;
		};
/* End PBXContainerItemProxy section */

/* Begin PBXFileReference section */
		AE1726AB1B6F889200AFBC4C /* Orientations.app */ = {isa = PBXFileReference; explicitFileType = wrapper.application; includeInIndex = 0; path = Orientations.app; sourceTree = BUILT_PRODUCTS_DIR; };
		AE1726AF1B6F889200AFBC4C /* Info.plist */ = {isa = PBXFileReference; lastKnownFileType = text.plist.xml; path = Info.plist; sourceTree = "<group>"; };
		AE1726B01B6F889200AFBC4C /* main.m */ = {isa = PBXFileReference; lastKnownFileType = sourcecode.c.objc; path = main.m; sourceTree = "<group>"; };
		AE1726B21B6F889200AFBC4C /* AppDelegate.h */ = {isa = PBXFileReference; lastKnownFileType = sourcecode.c.h; path = AppDelegate.h; sourceTree = "<group>"; };
		AE1726B31B6F889200AFBC4C /* AppDelegate.m */ = {isa = PBXFileReference; lastKnownFileType = sourcecode.c.objc; path = AppDelegate.m; sourceTree = "<group>"; };
		AE1726B51B6F889200AFBC4C /* ViewController.h */ = {isa = PBXFileReference; lastKnownFileType = sourcecode.c.h; path = ViewController.h; sourceTree = "<group>"; };
		AE1726B61B6F889200AFBC4C /* ViewController.m */ = {isa = PBXFileReference; lastKnownFileType = sourcecode.c.objc; path = ViewController.m; sourceTree = "<group>"; };
		AE1726B91B6F889200AFBC4C /* Base */ = {isa = PBXFileReference; lastKnownFileType = file.storyboard; name = Base; path = Base.lproj/Main.storyboard; sourceTree = "<group>"; };
		AE1726BB1B6F889200AFBC4C /* Images.xcassets */ = {isa = PBXFileReference; lastKnownFileType = folder.assetcatalog; path = Images.xcassets; sourceTree = "<group>"; };
		AE1726BE1B6F889200AFBC4C /* Base */ = {isa = PBXFileReference; lastKnownFileType = file.xib; name = Base; path = Base.lproj/LaunchScreen.xib; sourceTree = "<group>"; };
		AE1726C41B6F889200AFBC4C /* OrientationsTests.xctest */ = {isa = PBXFileReference; explicitFileType = wrapper.cfbundle; includeInIndex = 0; path = OrientationsTests.xctest; sourceTree = BUILT_PRODUCTS_DIR; };
		AE1726C91B6F889200AFBC4C /* Info.plist */ = {isa = PBXFileReference; lastKnownFileType = text.plist.xml; path = Info.plist; sourceTree = "<group>"; };
		AE1726CA1B6F889200AFBC4C /* OrientationsTests.m */ = {isa = PBXFileReference; lastKnownFileType = sourcecode.c.objc; path = OrientationsTests.m; sourceTree = "<group>"; };
/* End PBXFileReference section */

/* Begin PBXFrameworksBuildPhase section */
		AE1726A81B6F889200AFBC4C /* Frameworks */ = {
			isa = PBXFrameworksBuildPhase;
			buildActionMask = 2147483647;
			files = (
			);
			runOnlyForDeploymentPostprocessing = 0;
		};
		AE1726C11B6F889200AFBC4C /* Frameworks */ = {
			isa = PBXFrameworksBuildPhase;
			buildActionMask = 2147483647;
			files = (
			);
			runOnlyForDeploymentPostprocessing = 0;
		};
/* End PBXFrameworksBuildPhase section */

/* Begin PBXGroup section */
		AE1726A21B6F889200AFBC4C = {
			isa = PBXGroup;
			children = (
				AE1726AD1B6F889200AFBC4C /* Orientations */,
				AE1726C71B6F889200AFBC4C /* OrientationsTests */,
				AE1726AC1B6F889200AFBC4C /* Products */,
			);
			sourceTree = "<group>";
		};
		AE1726AC1B6F889200AFBC4C /* Products */ = {
			isa = PBXGroup;
			children = (
				AE1726AB1B6F889200AFBC4C /* Orientations.app */,
				AE1726C41B6F889200AFBC4C /* OrientationsTests.xctest */,
			);
			name = Products;
			sourceTree = "<group>";
		};
		AE1726AD1B6F889200AFBC4C /* Orientations */ = {
			isa = PBXGroup;
			children = (
				AE1726B21B6F889200AFBC4C /* AppDelegate.h */,
				AE1726B31B6F889200AFBC4C /* AppDelegate.m */,
				AE1726B51B6F889200AFBC4C /* ViewController.h */,
				AE1726B61B6F889200AFBC4C /* ViewController.m */,
				AE1726B81B6F889200AFBC4C /* Main.storyboard */,
				AE1726BB1B6F889200AFBC4C /* Images.xcassets */,
				AE1726BD1B6F889200AFBC4C /* LaunchScreen.xib */,
				AE1726AE1B6F889200AFBC4C /* Supporting Files */,
			);
			path = Orientations;
			sourceTree = "<group>";
		};
		AE1726AE1B6F889200AFBC4C /* Supporting Files */ = {
			isa = PBXGroup;
			children = (
				AE1726AF1B6F889200AFBC4C /* Info.plist */,
				AE1726B01B6F889200AFBC4C /* main.m */,
			);
			name = "Supporting Files";
			sourceTree = "<group>";
		};
		AE1726C71B6F889200AFBC4C /* OrientationsTests */ = {
			isa = PBXGroup;
			children = (
				AE1726CA1B6F889200AFBC4C /* OrientationsTests.m */,
				AE1726C81B6F889200AFBC4C /* Supporting Files */,
			);
			path = OrientationsTests;
			sourceTree = "<group>";
		};
		AE1726C81B6F889200AFBC4C /* Supporting Files */ = {
			isa = PBXGroup;
			children = (
				AE1726C91B6F889200AFBC4C /* Info.plist */,
			);
			name = "Supporting Files";
			sourceTree = "<group>";
		};
/* End PBXGroup section */

/* Begin PBXNativeTarget section */
		AE1726AA1B6F889200AFBC4C /* Orientations */ = {
			isa = PBXNativeTarget;
			buildConfigurationList = AE1726CE1B6F889200AFBC4C /* Build configuration list for PBXNativeTarget "Orientations" */;
			buildPhases = (
				AE1726A71B6F889200AFBC4C /* Sources */,
				AE1726A81B6F889200AFBC4C /* Frameworks */,
				AE1726A91B6F889200AFBC4C /* Resources */,
			);
			buildRules = (
			);
			dependencies = (
			);
			name = Orientations;
			productName = Orientations;
			productReference = AE1726AB1B6F889200AFBC4C /* Orientations.app */;
			productType = "com.apple.product-type.application";
		};
		AE1726C31B6F889200AFBC4C /* OrientationsTests */ = {
			isa = PBXNativeTarget;
			buildConfigurationList = AE1726D11B6F889200AFBC4C /* Build configuration list for PBXNativeTarget "OrientationsTests" */;
			buildPhases = (
				AE1726C01B6F889200AFBC4C /* Sources */,
				AE1726C11B6F889200AFBC4C /* Frameworks */,
				AE1726C21B6F889200AFBC4C /* Resources */,
			);
			buildRules = (
			);
			dependencies = (
				AE1726C61B6F889200AFBC4C /* PBXTargetDependency */,
			);
			name = OrientationsTests;
			productName = OrientationsTests;
			productReference = AE1726C41B6F889200AFBC4C /* OrientationsTests.xctest */;
			productType = "com.apple.product-type.bundle.unit-test";
		};
/* End PBXNativeTarget section */

/* Begin PBXProject section */
		AE1726A31B6F889200AFBC4C /* Project object */ = {
			isa = PBXProject;
			attributes = {
				LastUpgradeCheck = 0640;
				ORGANIZATIONNAME = brother;
				TargetAttributes = {
					AE1726AA1B6F889200AFBC4C = {
						CreatedOnToolsVersion = 6.4;
					};
					AE1726C31B6F889200AFBC4C = {
						CreatedOnToolsVersion = 6.4;
						TestTargetID = AE1726AA1B6F889200AFBC4C;
					};
				};
			};
			buildConfigurationList = AE1726A61B6F889200AFBC4C /* Build configuration list for PBXProject "Orientations" */;
			compatibilityVersion = "Xcode 3.2";
			developmentRegion = English;
			hasScannedForEncodings = 0;
			knownRegions = (
				en,
				Base,
			);
			mainGroup = AE1726A21B6F889200AFBC4C;
			productRefGroup = AE1726AC1B6F889200AFBC4C /* Products */;
			projectDirPath = "";
			projectRoot = "";
			targets = (
				AE1726AA1B6F889200AFBC4C /* Orientations */,
				AE1726C31B6F889200AFBC4C /* OrientationsTests */,
			);
		};
/* End PBXProject section */

/* Begin PBXResourcesBuildPhase section */
		AE1726A91B6F889200AFBC4C /* Resources */ = {
			isa = PBXResourcesBuildPhase;
			buildActionMask = 2147483647;
			files = (
				AE1726BA1B6F889200AFBC4C /* Main.storyboard in Resources */,
				AE1726BF1B6F889200AFBC4C /* LaunchScreen.xib in Resources */,
				AE1726BC1B6F889200AFBC4C /* Images.xcassets in Resources */,
			);
			runOnlyForDeploymentPostprocessing = 0;
		};
		AE1726C21B6F889200AFBC4C /* Resources */ = {
			isa = PBXResourcesBuildPhase;
			buildActionMask = 2147483647;
			files = (
			);
			runOnlyForDeploymentPostprocessing = 0;
		};
/* End PBXResourcesBuildPhase section */

/* Begin PBXSourcesBuildPhase section */
		AE1726A71B6F889200AFBC4C /* Sources */ = {
			isa = PBXSourcesBuildPhase;
			buildActionMask = 2147483647;
			files = (
				AE1726B71B6F889200AFBC4C /* ViewController.m in Sources */,
				AE1726B41B6F889200AFBC4C /* AppDelegate.m in Sources */,
				AE1726B11B6F889200AFBC4C /* main.m in Sources */,
			);
			runOnlyForDeploymentPostprocessing = 0;
		};
		AE1726C01B6F889200AFBC4C /* Sources */ = {
			isa = PBXSourcesBuildPhase;
			buildActionMask = 2147483647;
			files = (
				AE1726CB1B6F889200AFBC4C /* OrientationsTests.m in Sources */,
			);
			runOnlyForDeploymentPostprocessing = 0;
		};
/* End PBXSourcesBuildPhase section */

/* Begin PBXTargetDependency section */
		AE1726C61B6F889200AFBC4C /* PBXTargetDependency */ = {
			isa = PBXTargetDependency;
			target = AE1726AA1B6F889200AFBC4C /* Orientations */;
			targetProxy = AE1726C51B6F889200AFBC4C /* PBXContainerItemProxy */;
		};
/* End PBXTargetDependency section */

/* Begin PBXVariantGroup section */
		AE1726B81B6F889200AFBC4C /* Main.storyboard */ = {
			isa = PBXVariantGroup;
			children = (
				AE1726B91B6F889200AFBC4C /* Base */,
			);
			name = Main.storyboard;
			sourceTree = "<group>";
		};
		AE1726BD1B6F889200AFBC4C /* LaunchScreen.xib */ = {
			isa = PBXVariantGroup;
			children = (
				AE1726BE1B6F889200AFBC4C /* Base */,
			);
			name = LaunchScreen.xib;
			sourceTree = "<group>";
		};
/* End PBXVariantGroup section */

/* Begin XCBuildConfiguration section */
		AE1726CC1B6F889200AFBC4C /* Debug */ = {
			isa = XCBuildConfiguration;
			buildSettings = {
				ALWAYS_SEARCH_USER_PATHS = NO;
				CLANG_CXX_LANGUAGE_STANDARD = "gnu++0x";
				CLANG_CXX_LIBRARY = "libc++";
				CLANG_ENABLE_MODULES = YES;
				CLANG_ENABLE_OBJC_ARC = YES;
				CLANG_WARN_BOOL_CONVERSION = YES;
				CLANG_WARN_CONSTANT_CONVERSION = YES;
				CLANG_WARN_DIRECT_OBJC_ISA_USAGE = YES_ERROR;
				CLANG_WARN_EMPTY_BODY = YES;
				CLANG_WARN_ENUM_CONVERSION = YES;
				CLANG_WARN_INT_CONVERSION = YES;
				CLANG_WARN_OBJC_ROOT_CLASS = YES_ERROR;
				CLANG_WARN_UNREACHABLE_CODE = YES;
				CLANG_WARN__DUPLICATE_METHOD_MATCH = YES;
				"CODE_SIGN_IDENTITY[sdk=iphoneos*]" = "iPhone Developer";
				COPY_PHASE_STRIP = NO;
				DEBUG_INFORMATION_FORMAT = "dwarf-with-dsym";
				ENABLE_STRICT_OBJC_MSGSEND = YES;
				GCC_C_LANGUAGE_STANDARD = gnu99;
				GCC_DYNAMIC_NO_PIC = NO;
				GCC_NO_COMMON_BLOCKS = YES;
				GCC_OPTIMIZATION_LEVEL = 0;
				GCC_PREPROCESSOR_DEFINITIONS = (
					"DEBUG=1",
					"$(inherited)",
				);
				GCC_SYMBOLS_PRIVATE_EXTERN = NO;
				GCC_WARN_64_TO_32_BIT_CONVERSION = YES;
				GCC_WARN_ABOUT_RETURN_TYPE = YES_ERROR;
				GCC_WARN_UNDECLARED_SELECTOR = YES;
				GCC_WARN_UNINITIALIZED_AUTOS = YES_AGGRESSIVE;
				GCC_WARN_UNUSED_FUNCTION = YES;
				GCC_WARN_UNUSED_VARIABLE = YES;
				IPHONEOS_DEPLOYMENT_TARGET = 8.4;
				MTL_ENABLE_DEBUG_INFO = YES;
				ONLY_ACTIVE_ARCH = YES;
				SDKROOT = iphoneos;
			};
			name = Debug;
		};
		AE1726CD1B6F889200AFBC4C /* Release */ = {
			isa = XCBuildConfiguration;
			buildSettings = {
				ALWAYS_SEARCH_USER_PATHS = NO;
				CLANG_CXX_LANGUAGE_STANDARD = "gnu++0x";
				CLANG_CXX_LIBRARY = "libc++";
				CLANG_ENABLE_MODULES = YES;
				CLANG_ENABLE_OBJC_ARC = YES;
				CLANG_WARN_BOOL_CONVERSION = YES;
				CLANG_WARN_CONSTANT_CONVERSION = YES;
				CLANG_WARN_DIRECT_OBJC_ISA_USAGE = YES_ERROR;
				CLANG_WARN_EMPTY_BODY = YES;
				CLANG_WARN_ENUM_CONVERSION = YES;
				CLANG_WARN_INT_CONVERSION = YES;
				CLANG_WARN_OBJC_ROOT_CLASS = YES_ERROR;
				CLANG_WARN_UNREACHABLE_CODE = YES;
				CLANG_WARN__DUPLICATE_METHOD_MATCH = YES;
				"CODE_SIGN_IDENTITY[sdk=iphoneos*]" = "iPhone Developer";
				COPY_PHASE_STRIP = NO;
				DEBUG_INFORMATION_FORMAT = "dwarf-with-dsym";
				ENABLE_NS_ASSERTIONS = NO;
				ENABLE_STRICT_OBJC_MSGSEND = YES;
				GCC_C_LANGUAGE_STANDARD = gnu99;
				GCC_NO_COMMON_BLOCKS = YES;
				GCC_WARN_64_TO_32_BIT_CONVERSION = YES;
				GCC_WARN_ABOUT_RETURN_TYPE = YES_ERROR;
				GCC_WARN_UNDECLARED_SELECTOR = YES;
				GCC_WARN_UNINITIALIZED_AUTOS = YES_AGGRESSIVE;
				GCC_WARN_UNUSED_FUNCTION = YES;
				GCC_WARN_UNUSED_VARIABLE = YES;
				IPHONEOS_DEPLOYMENT_TARGET = 8.4;
				MTL_ENABLE_DEBUG_INFO = NO;
				SDKROOT = iphoneos;
				VALIDATE_PRODUCT = YES;
			};
			name = Release;
		};
		AE1726CF1B6F889200AFBC4C /* Debug */ = {
			isa = XCBuildConfiguration;
			buildSettings = {
				ASSETCATALOG_COMPILER_APPICON_NAME = AppIcon;
				INFOPLIST_FILE = Orientations/Info.plist;
				LD_RUNPATH_SEARCH_PATHS = "$(inherited) @executable_path/Frameworks";
				PRODUCT_NAME = "$(TARGET_NAME)";
			};
			name = Debug;
		};
		AE1726D01B6F889200AFBC4C /* Release */ = {
			isa = XCBuildConfiguration;
			buildSettings = {
				ASSETCATALOG_COMPILER_APPICON_NAME = AppIcon;
				INFOPLIST_FILE = Orientations/Info.plist;
				LD_RUNPATH_SEARCH_PATHS = "$(inherited) @executable_path/Frameworks";
				PRODUCT_NAME = "$(TARGET_NAME)";
			};
			name = Release;
		};
		AE1726D21B6F889200AFBC4C /* Debug */ = {
			isa = XCBuildConfiguration;
			buildSettings = {
				BUNDLE_LOADER = "$(TEST_HOST)";
				FRAMEWORK_SEARCH_PATHS = (
					"$(SDKROOT)/Developer/Library/Frameworks",
					"$(inherited)",
				);
				GCC_PREPROCESSOR_DEFINITIONS = (
					"DEBUG=1",
					"$(inherited)",
				);
				INFOPLIST_FILE = OrientationsTests/Info.plist;
				LD_RUNPATH_SEARCH_PATHS = "$(inherited) @executable_path/Frameworks @loader_path/Frameworks";
				PRODUCT_NAME = "$(TARGET_NAME)";
				TEST_HOST = "$(BUILT_PRODUCTS_DIR)/Orientations.app/Orientations";
			};
			name = Debug;
		};
		AE1726D31B6F889200AFBC4C /* Release */ = {
			isa = XCBuildConfiguration;
			buildSettings = {
				BUNDLE_LOADER = "$(TEST_HOST)";
				FRAMEWORK_SEARCH_PATHS = (
					"$(SDKROOT)/Developer/Library/Frameworks",
					"$(inherited)",
				);
				INFOPLIST_FILE = OrientationsTests/Info.plist;
				LD_RUNPATH_SEARCH_PATHS = "$(inherited) @executable_path/Frameworks @loader_path/Frameworks";
				PRODUCT_NAME = "$(TARGET_NAME)";
				TEST_HOST = "$(BUILT_PRODUCTS_DIR)/Orientations.app/Orientations";
			};
			name = Release;
		};
/* End XCBuildConfiguration section */

/* Begin XCConfigurationList section */
		AE1726A61B6F889200AFBC4C /* Build configuration list for PBXProject "Orientations" */ = {
			isa = XCConfigurationList;
			buildConfigurations = (
				AE1726CC1B6F889200AFBC4C /* Debug */,
				AE1726CD1B6F889200AFBC4C /* Release */,
			);
			defaultConfigurationIsVisible = 0;
			defaultConfigurationName = Release;
		};
		AE1726CE1B6F889200AFBC4C /* Build configuration list for PBXNativeTarget "Orientations" */ = {
			isa = XCConfigurationList;
			buildConfigurations = (
				AE1726CF1B6F889200AFBC4C /* Debug */,
				AE1726D01B6F889200AFBC4C /* Release */,
			);
			defaultConfigurationIsVisible = 0;
		};
		AE1726D11B6F889200AFBC4C /* Build configuration list for PBXNativeTarget "OrientationsTests" */ = {
			isa = XCConfigurationList;
			buildConfigurations = (
				AE1726D21B6F889200AFBC4C /* Debug */,
				AE1726D31B6F889200AFBC4C /* Release */,
			);
			defaultConfigurationIsVisible = 0;
		};
/* End XCConfigurationList section */
	};
	rootObject = AE1726A31B6F889200AFBC4C /* Project object */;
}
