// !$*UTF8*$!
{
	archiveVersion = 1;
	classes = {
	};
	objectVersion = 46;
	objects = {

/* Begin PBXBuildFile section */
		AE1725851B6EE94900AFBC4C /* main.m in Sources */ = {isa = PBXBuildFile; fileRef = AE1725841B6EE94900AFBC4C /* main.m */; };
		AE1725881B6EE94900AFBC4C /* AppDelegate.m in Sources */ = {isa = PBXBuildFile; fileRef = AE1725871B6EE94900AFBC4C /* AppDelegate.m */; };
		AE17258B1B6EE94900AFBC4C /* ViewController.m in Sources */ = {isa = PBXBuildFile; fileRef = AE17258A1B6EE94900AFBC4C /* ViewController.m */; };
		AE17258E1B6EE94900AFBC4C /* Main.storyboard in Resources */ = {isa = PBXBuildFile; fileRef = AE17258C1B6EE94900AFBC4C /* Main.storyboard */; };
		AE1725901B6EE94900AFBC4C /* Images.xcassets in Resources */ = {isa = PBXBuildFile; fileRef = AE17258F1B6EE94900AFBC4C /* Images.xcassets */; };
		AE1725931B6EE94900AFBC4C /* LaunchScreen.xib in Resources */ = {isa = PBXBuildFile; fileRef = AE1725911B6EE94900AFBC4C /* LaunchScreen.xib */; };
		AE17259F1B6EE94900AFBC4C /* Button_FunTests.m in Sources */ = {isa = PBXBuildFile; fileRef = AE17259E1B6EE94900AFBC4C /* Button_FunTests.m */; };
/* End PBXBuildFile section */

/* Begin PBXContainerItemProxy section */
		AE1725991B6EE94900AFBC4C /* PBXContainerItemProxy */ = {
			isa = PBXContainerItemProxy;
			containerPortal = AE1725771B6EE94900AFBC4C /* Project object */;
			proxyType = 1;
			remoteGlobalIDString = AE17257E1B6EE94900AFBC4C;
			remoteInfo = "Button Fun";
		};
/* End PBXContainerItemProxy section */

/* Begin PBXFileReference section */
		AE17257F1B6EE94900AFBC4C /* Button Fun.app */ = {isa = PBXFileReference; explicitFileType = wrapper.application; includeInIndex = 0; path = "Button Fun.app"; sourceTree = BUILT_PRODUCTS_DIR; };
		AE1725831B6EE94900AFBC4C /* Info.plist */ = {isa = PBXFileReference; lastKnownFileType = text.plist.xml; path = Info.plist; sourceTree = "<group>"; };
		AE1725841B6EE94900AFBC4C /* main.m */ = {isa = PBXFileReference; lastKnownFileType = sourcecode.c.objc; path = main.m; sourceTree = "<group>"; };
		AE1725861B6EE94900AFBC4C /* AppDelegate.h */ = {isa = PBXFileReference; lastKnownFileType = sourcecode.c.h; path = AppDelegate.h; sourceTree = "<group>"; };
		AE1725871B6EE94900AFBC4C /* AppDelegate.m */ = {isa = PBXFileReference; lastKnownFileType = sourcecode.c.objc; path = AppDelegate.m; sourceTree = "<group>"; };
		AE1725891B6EE94900AFBC4C /* ViewController.h */ = {isa = PBXFileReference; lastKnownFileType = sourcecode.c.h; path = ViewController.h; sourceTree = "<group>"; };
		AE17258A1B6EE94900AFBC4C /* ViewController.m */ = {isa = PBXFileReference; lastKnownFileType = sourcecode.c.objc; path = ViewController.m; sourceTree = "<group>"; };
		AE17258D1B6EE94900AFBC4C /* Base */ = {isa = PBXFileReference; lastKnownFileType = file.storyboard; name = Base; path = Base.lproj/Main.storyboard; sourceTree = "<group>"; };
		AE17258F1B6EE94900AFBC4C /* Images.xcassets */ = {isa = PBXFileReference; lastKnownFileType = folder.assetcatalog; path = Images.xcassets; sourceTree = "<group>"; };
		AE1725921B6EE94900AFBC4C /* Base */ = {isa = PBXFileReference; lastKnownFileType = file.xib; name = Base; path = Base.lproj/LaunchScreen.xib; sourceTree = "<group>"; };
		AE1725981B6EE94900AFBC4C /* Button FunTests.xctest */ = {isa = PBXFileReference; explicitFileType = wrapper.cfbundle; includeInIndex = 0; path = "Button FunTests.xctest"; sourceTree = BUILT_PRODUCTS_DIR; };
		AE17259D1B6EE94900AFBC4C /* Info.plist */ = {isa = PBXFileReference; lastKnownFileType = text.plist.xml; path = Info.plist; sourceTree = "<group>"; };
		AE17259E1B6EE94900AFBC4C /* Button_FunTests.m */ = {isa = PBXFileReference; lastKnownFileType = sourcecode.c.objc; path = Button_FunTests.m; sourceTree = "<group>"; };
/* End PBXFileReference section */

/* Begin PBXFrameworksBuildPhase section */
		AE17257C1B6EE94900AFBC4C /* Frameworks */ = {
			isa = PBXFrameworksBuildPhase;
			buildActionMask = 2147483647;
			files = (
			);
			runOnlyForDeploymentPostprocessing = 0;
		};
		AE1725951B6EE94900AFBC4C /* Frameworks */ = {
			isa = PBXFrameworksBuildPhase;
			buildActionMask = 2147483647;
			files = (
			);
			runOnlyForDeploymentPostprocessing = 0;
		};
/* End PBXFrameworksBuildPhase section */

/* Begin PBXGroup section */
		AE1725761B6EE94900AFBC4C = {
			isa = PBXGroup;
			children = (
				AE1725811B6EE94900AFBC4C /* Button Fun */,
				AE17259B1B6EE94900AFBC4C /* Button FunTests */,
				AE1725801B6EE94900AFBC4C /* Products */,
			);
			sourceTree = "<group>";
		};
		AE1725801B6EE94900AFBC4C /* Products */ = {
			isa = PBXGroup;
			children = (
				AE17257F1B6EE94900AFBC4C /* Button Fun.app */,
				AE1725981B6EE94900AFBC4C /* Button FunTests.xctest */,
			);
			name = Products;
			sourceTree = "<group>";
		};
		AE1725811B6EE94900AFBC4C /* Button Fun */ = {
			isa = PBXGroup;
			children = (
				AE1725861B6EE94900AFBC4C /* AppDelegate.h */,
				AE1725871B6EE94900AFBC4C /* AppDelegate.m */,
				AE1725891B6EE94900AFBC4C /* ViewController.h */,
				AE17258A1B6EE94900AFBC4C /* ViewController.m */,
				AE17258C1B6EE94900AFBC4C /* Main.storyboard */,
				AE17258F1B6EE94900AFBC4C /* Images.xcassets */,
				AE1725911B6EE94900AFBC4C /* LaunchScreen.xib */,
				AE1725821B6EE94900AFBC4C /* Supporting Files */,
			);
			path = "Button Fun";
			sourceTree = "<group>";
		};
		AE1725821B6EE94900AFBC4C /* Supporting Files */ = {
			isa = PBXGroup;
			children = (
				AE1725831B6EE94900AFBC4C /* Info.plist */,
				AE1725841B6EE94900AFBC4C /* main.m */,
			);
			name = "Supporting Files";
			sourceTree = "<group>";
		};
		AE17259B1B6EE94900AFBC4C /* Button FunTests */ = {
			isa = PBXGroup;
			children = (
				AE17259E1B6EE94900AFBC4C /* Button_FunTests.m */,
				AE17259C1B6EE94900AFBC4C /* Supporting Files */,
			);
			path = "Button FunTests";
			sourceTree = "<group>";
		};
		AE17259C1B6EE94900AFBC4C /* Supporting Files */ = {
			isa = PBXGroup;
			children = (
				AE17259D1B6EE94900AFBC4C /* Info.plist */,
			);
			name = "Supporting Files";
			sourceTree = "<group>";
		};
/* End PBXGroup section */

/* Begin PBXNativeTarget section */
		AE17257E1B6EE94900AFBC4C /* Button Fun */ = {
			isa = PBXNativeTarget;
			buildConfigurationList = AE1725A21B6EE94900AFBC4C /* Build configuration list for PBXNativeTarget "Button Fun" */;
			buildPhases = (
				AE17257B1B6EE94900AFBC4C /* Sources */,
				AE17257C1B6EE94900AFBC4C /* Frameworks */,
				AE17257D1B6EE94900AFBC4C /* Resources */,
			);
			buildRules = (
			);
			dependencies = (
			);
			name = "Button Fun";
			productName = "Button Fun";
			productReference = AE17257F1B6EE94900AFBC4C /* Button Fun.app */;
			productType = "com.apple.product-type.application";
		};
		AE1725971B6EE94900AFBC4C /* Button FunTests */ = {
			isa = PBXNativeTarget;
			buildConfigurationList = AE1725A51B6EE94900AFBC4C /* Build configuration list for PBXNativeTarget "Button FunTests" */;
			buildPhases = (
				AE1725941B6EE94900AFBC4C /* Sources */,
				AE1725951B6EE94900AFBC4C /* Frameworks */,
				AE1725961B6EE94900AFBC4C /* Resources */,
			);
			buildRules = (
			);
			dependencies = (
				AE17259A1B6EE94900AFBC4C /* PBXTargetDependency */,
			);
			name = "Button FunTests";
			productName = "Button FunTests";
			productReference = AE1725981B6EE94900AFBC4C /* Button FunTests.xctest */;
			productType = "com.apple.product-type.bundle.unit-test";
		};
/* End PBXNativeTarget section */

/* Begin PBXProject section */
		AE1725771B6EE94900AFBC4C /* Project object */ = {
			isa = PBXProject;
			attributes = {
				LastUpgradeCheck = 0640;
				ORGANIZATIONNAME = brother;
				TargetAttributes = {
					AE17257E1B6EE94900AFBC4C = {
						CreatedOnToolsVersion = 6.4;
					};
					AE1725971B6EE94900AFBC4C = {
						CreatedOnToolsVersion = 6.4;
						TestTargetID = AE17257E1B6EE94900AFBC4C;
					};
				};
			};
			buildConfigurationList = AE17257A1B6EE94900AFBC4C /* Build configuration list for PBXProject "Button Fun" */;
			compatibilityVersion = "Xcode 3.2";
			developmentRegion = English;
			hasScannedForEncodings = 0;
			knownRegions = (
				en,
				Base,
			);
			mainGroup = AE1725761B6EE94900AFBC4C;
			productRefGroup = AE1725801B6EE94900AFBC4C /* Products */;
			projectDirPath = "";
			projectRoot = "";
			targets = (
				AE17257E1B6EE94900AFBC4C /* Button Fun */,
				AE1725971B6EE94900AFBC4C /* Button FunTests */,
			);
		};
/* End PBXProject section */

/* Begin PBXResourcesBuildPhase section */
		AE17257D1B6EE94900AFBC4C /* Resources */ = {
			isa = PBXResourcesBuildPhase;
			buildActionMask = 2147483647;
			files = (
				AE17258E1B6EE94900AFBC4C /* Main.storyboard in Resources */,
				AE1725931B6EE94900AFBC4C /* LaunchScreen.xib in Resources */,
				AE1725901B6EE94900AFBC4C /* Images.xcassets in Resources */,
			);
			runOnlyForDeploymentPostprocessing = 0;
		};
		AE1725961B6EE94900AFBC4C /* Resources */ = {
			isa = PBXResourcesBuildPhase;
			buildActionMask = 2147483647;
			files = (
			);
			runOnlyForDeploymentPostprocessing = 0;
		};
/* End PBXResourcesBuildPhase section */

/* Begin PBXSourcesBuildPhase section */
		AE17257B1B6EE94900AFBC4C /* Sources */ = {
			isa = PBXSourcesBuildPhase;
			buildActionMask = 2147483647;
			files = (
				AE17258B1B6EE94900AFBC4C /* ViewController.m in Sources */,
				AE1725881B6EE94900AFBC4C /* AppDelegate.m in Sources */,
				AE1725851B6EE94900AFBC4C /* main.m in Sources */,
			);
			runOnlyForDeploymentPostprocessing = 0;
		};
		AE1725941B6EE94900AFBC4C /* Sources */ = {
			isa = PBXSourcesBuildPhase;
			buildActionMask = 2147483647;
			files = (
				AE17259F1B6EE94900AFBC4C /* Button_FunTests.m in Sources */,
			);
			runOnlyForDeploymentPostprocessing = 0;
		};
/* End PBXSourcesBuildPhase section */

/* Begin PBXTargetDependency section */
		AE17259A1B6EE94900AFBC4C /* PBXTargetDependency */ = {
			isa = PBXTargetDependency;
			target = AE17257E1B6EE94900AFBC4C /* Button Fun */;
			targetProxy = AE1725991B6EE94900AFBC4C /* PBXContainerItemProxy */;
		};
/* End PBXTargetDependency section */

/* Begin PBXVariantGroup section */
		AE17258C1B6EE94900AFBC4C /* Main.storyboard */ = {
			isa = PBXVariantGroup;
			children = (
				AE17258D1B6EE94900AFBC4C /* Base */,
			);
			name = Main.storyboard;
			sourceTree = "<group>";
		};
		AE1725911B6EE94900AFBC4C /* LaunchScreen.xib */ = {
			isa = PBXVariantGroup;
			children = (
				AE1725921B6EE94900AFBC4C /* Base */,
			);
			name = LaunchScreen.xib;
			sourceTree = "<group>";
		};
/* End PBXVariantGroup section */

/* Begin XCBuildConfiguration section */
		AE1725A01B6EE94900AFBC4C /* Debug */ = {
			isa = XCBuildConfiguration;
			buildSettings = {
				ALWAYS_SEARCH_USER_PATHS = NO;
				CLANG_CXX_LANGUAGE_STANDARD = "gnu++0x";
				CLANG_CXX_LIBRARY = "libc++";
				CLANG_ENABLE_MODULES = YES;
				CLANG_ENABLE_OBJC_ARC = YES;
				CLANG_WARN_BOOL_CONVERSION = YES;
				CLANG_WARN_CONSTANT_CONVERSION = YES;
				CLANG_WARN_DIRECT_OBJC_ISA_USAGE = YES_ERROR;
				CLANG_WARN_EMPTY_BODY = YES;
				CLANG_WARN_ENUM_CONVERSION = YES;
				CLANG_WARN_INT_CONVERSION = YES;
				CLANG_WARN_OBJC_ROOT_CLASS = YES_ERROR;
				CLANG_WARN_UNREACHABLE_CODE = YES;
				CLANG_WARN__DUPLICATE_METHOD_MATCH = YES;
				"CODE_SIGN_IDENTITY[sdk=iphoneos*]" = "iPhone Developer";
				COPY_PHASE_STRIP = NO;
				DEBUG_INFORMATION_FORMAT = "dwarf-with-dsym";
				ENABLE_STRICT_OBJC_MSGSEND = YES;
				GCC_C_LANGUAGE_STANDARD = gnu99;
				GCC_DYNAMIC_NO_PIC = NO;
				GCC_NO_COMMON_BLOCKS = YES;
				GCC_OPTIMIZATION_LEVEL = 0;
				GCC_PREPROCESSOR_DEFINITIONS = (
					"DEBUG=1",
					"$(inherited)",
				);
				GCC_SYMBOLS_PRIVATE_EXTERN = NO;
				GCC_WARN_64_TO_32_BIT_CONVERSION = YES;
				GCC_WARN_ABOUT_RETURN_TYPE = YES_ERROR;
				GCC_WARN_UNDECLARED_SELECTOR = YES;
				GCC_WARN_UNINITIALIZED_AUTOS = YES_AGGRESSIVE;
				GCC_WARN_UNUSED_FUNCTION = YES;
				GCC_WARN_UNUSED_VARIABLE = YES;
				IPHONEOS_DEPLOYMENT_TARGET = 8.4;
				MTL_ENABLE_DEBUG_INFO = YES;
				ONLY_ACTIVE_ARCH = YES;
				SDKROOT = iphoneos;
			};
			name = Debug;
		};
		AE1725A11B6EE94900AFBC4C /* Release */ = {
			isa = XCBuildConfiguration;
			buildSettings = {
				ALWAYS_SEARCH_USER_PATHS = NO;
				CLANG_CXX_LANGUAGE_STANDARD = "gnu++0x";
				CLANG_CXX_LIBRARY = "libc++";
				CLANG_ENABLE_MODULES = YES;
				CLANG_ENABLE_OBJC_ARC = YES;
				CLANG_WARN_BOOL_CONVERSION = YES;
				CLANG_WARN_CONSTANT_CONVERSION = YES;
				CLANG_WARN_DIRECT_OBJC_ISA_USAGE = YES_ERROR;
				CLANG_WARN_EMPTY_BODY = YES;
				CLANG_WARN_ENUM_CONVERSION = YES;
				CLANG_WARN_INT_CONVERSION = YES;
				CLANG_WARN_OBJC_ROOT_CLASS = YES_ERROR;
				CLANG_WARN_UNREACHABLE_CODE = YES;
				CLANG_WARN__DUPLICATE_METHOD_MATCH = YES;
				"CODE_SIGN_IDENTITY[sdk=iphoneos*]" = "iPhone Developer";
				COPY_PHASE_STRIP = NO;
				DEBUG_INFORMATION_FORMAT = "dwarf-with-dsym";
				ENABLE_NS_ASSERTIONS = NO;
				ENABLE_STRICT_OBJC_MSGSEND = YES;
				GCC_C_LANGUAGE_STANDARD = gnu99;
				GCC_NO_COMMON_BLOCKS = YES;
				GCC_WARN_64_TO_32_BIT_CONVERSION = YES;
				GCC_WARN_ABOUT_RETURN_TYPE = YES_ERROR;
				GCC_WARN_UNDECLARED_SELECTOR = YES;
				GCC_WARN_UNINITIALIZED_AUTOS = YES_AGGRESSIVE;
				GCC_WARN_UNUSED_FUNCTION = YES;
				GCC_WARN_UNUSED_VARIABLE = YES;
				IPHONEOS_DEPLOYMENT_TARGET = 8.4;
				MTL_ENABLE_DEBUG_INFO = NO;
				SDKROOT = iphoneos;
				VALIDATE_PRODUCT = YES;
			};
			name = Release;
		};
		AE1725A31B6EE94900AFBC4C /* Debug */ = {
			isa = XCBuildConfiguration;
			buildSettings = {
				ASSETCATALOG_COMPILER_APPICON_NAME = AppIcon;
				INFOPLIST_FILE = "Button Fun/Info.plist";
				LD_RUNPATH_SEARCH_PATHS = "$(inherited) @executable_path/Frameworks";
				PRODUCT_NAME = "$(TARGET_NAME)";
			};
			name = Debug;
		};
		AE1725A41B6EE94900AFBC4C /* Release */ = {
			isa = XCBuildConfiguration;
			buildSettings = {
				ASSETCATALOG_COMPILER_APPICON_NAME = AppIcon;
				INFOPLIST_FILE = "Button Fun/Info.plist";
				LD_RUNPATH_SEARCH_PATHS = "$(inherited) @executable_path/Frameworks";
				PRODUCT_NAME = "$(TARGET_NAME)";
			};
			name = Release;
		};
		AE1725A61B6EE94900AFBC4C /* Debug */ = {
			isa = XCBuildConfiguration;
			buildSettings = {
				BUNDLE_LOADER = "$(TEST_HOST)";
				FRAMEWORK_SEARCH_PATHS = (
					"$(SDKROOT)/Developer/Library/Frameworks",
					"$(inherited)",
				);
				GCC_PREPROCESSOR_DEFINITIONS = (
					"DEBUG=1",
					"$(inherited)",
				);
				INFOPLIST_FILE = "Button FunTests/Info.plist";
				LD_RUNPATH_SEARCH_PATHS = "$(inherited) @executable_path/Frameworks @loader_path/Frameworks";
				PRODUCT_NAME = "$(TARGET_NAME)";
				TEST_HOST = "$(BUILT_PRODUCTS_DIR)/Button Fun.app/Button Fun";
			};
			name = Debug;
		};
		AE1725A71B6EE94900AFBC4C /* Release */ = {
			isa = XCBuildConfiguration;
			buildSettings = {
				BUNDLE_LOADER = "$(TEST_HOST)";
				FRAMEWORK_SEARCH_PATHS = (
					"$(SDKROOT)/Developer/Library/Frameworks",
					"$(inherited)",
				);
				INFOPLIST_FILE = "Button FunTests/Info.plist";
				LD_RUNPATH_SEARCH_PATHS = "$(inherited) @executable_path/Frameworks @loader_path/Frameworks";
				PRODUCT_NAME = "$(TARGET_NAME)";
				TEST_HOST = "$(BUILT_PRODUCTS_DIR)/Button Fun.app/Button Fun";
			};
			name = Release;
		};
/* End XCBuildConfiguration section */

/* Begin XCConfigurationList section */
		AE17257A1B6EE94900AFBC4C /* Build configuration list for PBXProject "Button Fun" */ = {
			isa = XCConfigurationList;
			buildConfigurations = (
				AE1725A01B6EE94900AFBC4C /* Debug */,
				AE1725A11B6EE94900AFBC4C /* Release */,
			);
			defaultConfigurationIsVisible = 0;
			defaultConfigurationName = Release;
		};
		AE1725A21B6EE94900AFBC4C /* Build configuration list for PBXNativeTarget "Button Fun" */ = {
			isa = XCConfigurationList;
			buildConfigurations = (
				AE1725A31B6EE94900AFBC4C /* Debug */,
				AE1725A41B6EE94900AFBC4C /* Release */,
			);
			defaultConfigurationIsVisible = 0;
			defaultConfigurationName = Release;
		};
		AE1725A51B6EE94900AFBC4C /* Build configuration list for PBXNativeTarget "Button FunTests" */ = {
			isa = XCConfigurationList;
			buildConfigurations = (
				AE1725A61B6EE94900AFBC4C /* Debug */,
				AE1725A71B6EE94900AFBC4C /* Release */,
			);
			defaultConfigurationIsVisible = 0;
			defaultConfigurationName = Release;
		};
/* End XCConfigurationList section */
	};
	rootObject = AE1725771B6EE94900AFBC4C /* Project object */;
}
