// !$*UTF8*$!
{
	archiveVersion = 1;
	classes = {
	};
	objectVersion = 46;
	objects = {

/* Begin PBXBuildFile section */
		AE1727151B70A46100AFBC4C /* main.m in Sources */ = {isa = PBXBuildFile; fileRef = AE1727141B70A46100AFBC4C /* main.m */; };
		AE1727181B70A46100AFBC4C /* AppDelegate.m in Sources */ = {isa = PBXBuildFile; fileRef = AE1727171B70A46100AFBC4C /* AppDelegate.m */; };
		AE1727201B70A46100AFBC4C /* Images.xcassets in Resources */ = {isa = PBXBuildFile; fileRef = AE17271F1B70A46100AFBC4C /* Images.xcassets */; };
		AE17272F1B70A46100AFBC4C /* View_SwitcherTests.m in Sources */ = {isa = PBXBuildFile; fileRef = AE17272E1B70A46100AFBC4C /* View_SwitcherTests.m */; };
		AE17273A1B70A61600AFBC4C /* SwitchViewController.m in Sources */ = {isa = PBXBuildFile; fileRef = AE1727391B70A61600AFBC4C /* SwitchViewController.m */; };
		AE17273D1B70A65300AFBC4C /* BlueViewController.m in Sources */ = {isa = PBXBuildFile; fileRef = AE17273C1B70A65300AFBC4C /* BlueViewController.m */; };
		AE1727401B70A66200AFBC4C /* YellowViewController.m in Sources */ = {isa = PBXBuildFile; fileRef = AE17273F1B70A66200AFBC4C /* YellowViewController.m */; };
		AE1727441B70A6F800AFBC4C /* Main.storyboard in Resources */ = {isa = PBXBuildFile; fileRef = AE1727431B70A6F800AFBC4C /* Main.storyboard */; };
/* End PBXBuildFile section */

/* Begin PBXContainerItemProxy section */
		AE1727291B70A46100AFBC4C /* PBXContainerItemProxy */ = {
			isa = PBXContainerItemProxy;
			containerPortal = AE1727071B70A46100AFBC4C /* Project object */;
			proxyType = 1;
			remoteGlobalIDString = AE17270E1B70A46100AFBC4C;
			remoteInfo = "View Switcher";
		};
/* End PBXContainerItemProxy section */

/* Begin PBXFileReference section */
		AE17270F1B70A46100AFBC4C /* View Switcher.app */ = {isa = PBXFileReference; explicitFileType = wrapper.application; includeInIndex = 0; path = "View Switcher.app"; sourceTree = BUILT_PRODUCTS_DIR; };
		AE1727131B70A46100AFBC4C /* Info.plist */ = {isa = PBXFileReference; lastKnownFileType = text.plist.xml; path = Info.plist; sourceTree = "<group>"; };
		AE1727141B70A46100AFBC4C /* main.m */ = {isa = PBXFileReference; lastKnownFileType = sourcecode.c.objc; path = main.m; sourceTree = "<group>"; };
		AE1727161B70A46100AFBC4C /* AppDelegate.h */ = {isa = PBXFileReference; lastKnownFileType = sourcecode.c.h; path = AppDelegate.h; sourceTree = "<group>"; };
		AE1727171B70A46100AFBC4C /* AppDelegate.m */ = {isa = PBXFileReference; lastKnownFileType = sourcecode.c.objc; path = AppDelegate.m; sourceTree = "<group>"; };
		AE17271F1B70A46100AFBC4C /* Images.xcassets */ = {isa = PBXFileReference; lastKnownFileType = folder.assetcatalog; path = Images.xcassets; sourceTree = "<group>"; };
		AE1727281B70A46100AFBC4C /* View SwitcherTests.xctest */ = {isa = PBXFileReference; explicitFileType = wrapper.cfbundle; includeInIndex = 0; path = "View SwitcherTests.xctest"; sourceTree = BUILT_PRODUCTS_DIR; };
		AE17272D1B70A46100AFBC4C /* Info.plist */ = {isa = PBXFileReference; lastKnownFileType = text.plist.xml; path = Info.plist; sourceTree = "<group>"; };
		AE17272E1B70A46100AFBC4C /* View_SwitcherTests.m */ = {isa = PBXFileReference; lastKnownFileType = sourcecode.c.objc; path = View_SwitcherTests.m; sourceTree = "<group>"; };
		AE1727381B70A61600AFBC4C /* SwitchViewController.h */ = {isa = PBXFileReference; fileEncoding = 4; lastKnownFileType = sourcecode.c.h; path = SwitchViewController.h; sourceTree = "<group>"; };
		AE1727391B70A61600AFBC4C /* SwitchViewController.m */ = {isa = PBXFileReference; fileEncoding = 4; lastKnownFileType = sourcecode.c.objc; path = SwitchViewController.m; sourceTree = "<group>"; };
		AE17273B1B70A65300AFBC4C /* BlueViewController.h */ = {isa = PBXFileReference; fileEncoding = 4; lastKnownFileType = sourcecode.c.h; path = BlueViewController.h; sourceTree = "<group>"; };
		AE17273C1B70A65300AFBC4C /* BlueViewController.m */ = {isa = PBXFileReference; fileEncoding = 4; lastKnownFileType = sourcecode.c.objc; path = BlueViewController.m; sourceTree = "<group>"; };
		AE17273E1B70A66200AFBC4C /* YellowViewController.h */ = {isa = PBXFileReference; fileEncoding = 4; lastKnownFileType = sourcecode.c.h; path = YellowViewController.h; sourceTree = "<group>"; };
		AE17273F1B70A66200AFBC4C /* YellowViewController.m */ = {isa = PBXFileReference; fileEncoding = 4; lastKnownFileType = sourcecode.c.objc; path = YellowViewController.m; sourceTree = "<group>"; };
		AE1727431B70A6F800AFBC4C /* Main.storyboard */ = {isa = PBXFileReference; fileEncoding = 4; lastKnownFileType = file.storyboard; path = Main.storyboard; sourceTree = "<group>"; };
/* End PBXFileReference section */

/* Begin PBXFrameworksBuildPhase section */
		AE17270C1B70A46100AFBC4C /* Frameworks */ = {
			isa = PBXFrameworksBuildPhase;
			buildActionMask = 2147483647;
			files = (
			);
			runOnlyForDeploymentPostprocessing = 0;
		};
		AE1727251B70A46100AFBC4C /* Frameworks */ = {
			isa = PBXFrameworksBuildPhase;
			buildActionMask = 2147483647;
			files = (
			);
			runOnlyForDeploymentPostprocessing = 0;
		};
/* End PBXFrameworksBuildPhase section */

/* Begin PBXGroup section */
		AE1727061B70A46100AFBC4C = {
			isa = PBXGroup;
			children = (
				AE1727111B70A46100AFBC4C /* View Switcher */,
				AE17272B1B70A46100AFBC4C /* View SwitcherTests */,
				AE1727101B70A46100AFBC4C /* Products */,
			);
			sourceTree = "<group>";
		};
		AE1727101B70A46100AFBC4C /* Products */ = {
			isa = PBXGroup;
			children = (
				AE17270F1B70A46100AFBC4C /* View Switcher.app */,
				AE1727281B70A46100AFBC4C /* View SwitcherTests.xctest */,
			);
			name = Products;
			sourceTree = "<group>";
		};
		AE1727111B70A46100AFBC4C /* View Switcher */ = {
			isa = PBXGroup;
			children = (
				AE1727161B70A46100AFBC4C /* AppDelegate.h */,
				AE1727171B70A46100AFBC4C /* AppDelegate.m */,
				AE1727381B70A61600AFBC4C /* SwitchViewController.h */,
				AE1727391B70A61600AFBC4C /* SwitchViewController.m */,
				AE17273B1B70A65300AFBC4C /* BlueViewController.h */,
				AE17273C1B70A65300AFBC4C /* BlueViewController.m */,
				AE17273E1B70A66200AFBC4C /* YellowViewController.h */,
				AE17273F1B70A66200AFBC4C /* YellowViewController.m */,
				AE1727431B70A6F800AFBC4C /* Main.storyboard */,
				AE17271F1B70A46100AFBC4C /* Images.xcassets */,
				AE1727121B70A46100AFBC4C /* Supporting Files */,
			);
			path = "View Switcher";
			sourceTree = "<group>";
		};
		AE1727121B70A46100AFBC4C /* Supporting Files */ = {
			isa = PBXGroup;
			children = (
				AE1727131B70A46100AFBC4C /* Info.plist */,
				AE1727141B70A46100AFBC4C /* main.m */,
			);
			name = "Supporting Files";
			sourceTree = "<group>";
		};
		AE17272B1B70A46100AFBC4C /* View SwitcherTests */ = {
			isa = PBXGroup;
			children = (
				AE17272E1B70A46100AFBC4C /* View_SwitcherTests.m */,
				AE17272C1B70A46100AFBC4C /* Supporting Files */,
			);
			path = "View SwitcherTests";
			sourceTree = "<group>";
		};
		AE17272C1B70A46100AFBC4C /* Supporting Files */ = {
			isa = PBXGroup;
			children = (
				AE17272D1B70A46100AFBC4C /* Info.plist */,
			);
			name = "Supporting Files";
			sourceTree = "<group>";
		};
/* End PBXGroup section */

/* Begin PBXNativeTarget section */
		AE17270E1B70A46100AFBC4C /* View Switcher */ = {
			isa = PBXNativeTarget;
			buildConfigurationList = AE1727321B70A46100AFBC4C /* Build configuration list for PBXNativeTarget "View Switcher" */;
			buildPhases = (
				AE17270B1B70A46100AFBC4C /* Sources */,
				AE17270C1B70A46100AFBC4C /* Frameworks */,
				AE17270D1B70A46100AFBC4C /* Resources */,
			);
			buildRules = (
			);
			dependencies = (
			);
			name = "View Switcher";
			productName = "View Switcher";
			productReference = AE17270F1B70A46100AFBC4C /* View Switcher.app */;
			productType = "com.apple.product-type.application";
		};
		AE1727271B70A46100AFBC4C /* View SwitcherTests */ = {
			isa = PBXNativeTarget;
			buildConfigurationList = AE1727351B70A46100AFBC4C /* Build configuration list for PBXNativeTarget "View SwitcherTests" */;
			buildPhases = (
				AE1727241B70A46100AFBC4C /* Sources */,
				AE1727251B70A46100AFBC4C /* Frameworks */,
				AE1727261B70A46100AFBC4C /* Resources */,
			);
			buildRules = (
			);
			dependencies = (
				AE17272A1B70A46100AFBC4C /* PBXTargetDependency */,
			);
			name = "View SwitcherTests";
			productName = "View SwitcherTests";
			productReference = AE1727281B70A46100AFBC4C /* View SwitcherTests.xctest */;
			productType = "com.apple.product-type.bundle.unit-test";
		};
/* End PBXNativeTarget section */

/* Begin PBXProject section */
		AE1727071B70A46100AFBC4C /* Project object */ = {
			isa = PBXProject;
			attributes = {
				LastUpgradeCheck = 0640;
				ORGANIZATIONNAME = brother;
				TargetAttributes = {
					AE17270E1B70A46100AFBC4C = {
						CreatedOnToolsVersion = 6.4;
					};
					AE1727271B70A46100AFBC4C = {
						CreatedOnToolsVersion = 6.4;
						TestTargetID = AE17270E1B70A46100AFBC4C;
					};
				};
			};
			buildConfigurationList = AE17270A1B70A46100AFBC4C /* Build configuration list for PBXProject "View Switcher" */;
			compatibilityVersion = "Xcode 3.2";
			developmentRegion = English;
			hasScannedForEncodings = 0;
			knownRegions = (
				en,
				Base,
			);
			mainGroup = AE1727061B70A46100AFBC4C;
			productRefGroup = AE1727101B70A46100AFBC4C /* Products */;
			projectDirPath = "";
			projectRoot = "";
			targets = (
				AE17270E1B70A46100AFBC4C /* View Switcher */,
				AE1727271B70A46100AFBC4C /* View SwitcherTests */,
			);
		};
/* End PBXProject section */

/* Begin PBXResourcesBuildPhase section */
		AE17270D1B70A46100AFBC4C /* Resources */ = {
			isa = PBXResourcesBuildPhase;
			buildActionMask = 2147483647;
			files = (
				AE1727201B70A46100AFBC4C /* Images.xcassets in Resources */,
				AE1727441B70A6F800AFBC4C /* Main.storyboard in Resources */,
			);
			runOnlyForDeploymentPostprocessing = 0;
		};
		AE1727261B70A46100AFBC4C /* Resources */ = {
			isa = PBXResourcesBuildPhase;
			buildActionMask = 2147483647;
			files = (
			);
			runOnlyForDeploymentPostprocessing = 0;
		};
/* End PBXResourcesBuildPhase section */

/* Begin PBXSourcesBuildPhase section */
		AE17270B1B70A46100AFBC4C /* Sources */ = {
			isa = PBXSourcesBuildPhase;
			buildActionMask = 2147483647;
			files = (
				AE1727181B70A46100AFBC4C /* AppDelegate.m in Sources */,
				AE1727401B70A66200AFBC4C /* YellowViewController.m in Sources */,
				AE17273A1B70A61600AFBC4C /* SwitchViewController.m in Sources */,
				AE17273D1B70A65300AFBC4C /* BlueViewController.m in Sources */,
				AE1727151B70A46100AFBC4C /* main.m in Sources */,
			);
			runOnlyForDeploymentPostprocessing = 0;
		};
		AE1727241B70A46100AFBC4C /* Sources */ = {
			isa = PBXSourcesBuildPhase;
			buildActionMask = 2147483647;
			files = (
				AE17272F1B70A46100AFBC4C /* View_SwitcherTests.m in Sources */,
			);
			runOnlyForDeploymentPostprocessing = 0;
		};
/* End PBXSourcesBuildPhase section */

/* Begin PBXTargetDependency section */
		AE17272A1B70A46100AFBC4C /* PBXTargetDependency */ = {
			isa = PBXTargetDependency;
			target = AE17270E1B70A46100AFBC4C /* View Switcher */;
			targetProxy = AE1727291B70A46100AFBC4C /* PBXContainerItemProxy */;
		};
/* End PBXTargetDependency section */

/* Begin XCBuildConfiguration section */
		AE1727301B70A46100AFBC4C /* Debug */ = {
			isa = XCBuildConfiguration;
			buildSettings = {
				ALWAYS_SEARCH_USER_PATHS = NO;
				CLANG_CXX_LANGUAGE_STANDARD = "gnu++0x";
				CLANG_CXX_LIBRARY = "libc++";
				CLANG_ENABLE_MODULES = YES;
				CLANG_ENABLE_OBJC_ARC = YES;
				CLANG_WARN_BOOL_CONVERSION = YES;
				CLANG_WARN_CONSTANT_CONVERSION = YES;
				CLANG_WARN_DIRECT_OBJC_ISA_USAGE = YES_ERROR;
				CLANG_WARN_EMPTY_BODY = YES;
				CLANG_WARN_ENUM_CONVERSION = YES;
				CLANG_WARN_INT_CONVERSION = YES;
				CLANG_WARN_OBJC_ROOT_CLASS = YES_ERROR;
				CLANG_WARN_UNREACHABLE_CODE = YES;
				CLANG_WARN__DUPLICATE_METHOD_MATCH = YES;
				"CODE_SIGN_IDENTITY[sdk=iphoneos*]" = "iPhone Developer";
				COPY_PHASE_STRIP = NO;
				DEBUG_INFORMATION_FORMAT = "dwarf-with-dsym";
				ENABLE_STRICT_OBJC_MSGSEND = YES;
				GCC_C_LANGUAGE_STANDARD = gnu99;
				GCC_DYNAMIC_NO_PIC = NO;
				GCC_NO_COMMON_BLOCKS = YES;
				GCC_OPTIMIZATION_LEVEL = 0;
				GCC_PREPROCESSOR_DEFINITIONS = (
					"DEBUG=1",
					"$(inherited)",
				);
				GCC_SYMBOLS_PRIVATE_EXTERN = NO;
				GCC_WARN_64_TO_32_BIT_CONVERSION = YES;
				GCC_WARN_ABOUT_RETURN_TYPE = YES_ERROR;
				GCC_WARN_UNDECLARED_SELECTOR = YES;
				GCC_WARN_UNINITIALIZED_AUTOS = YES_AGGRESSIVE;
				GCC_WARN_UNUSED_FUNCTION = YES;
				GCC_WARN_UNUSED_VARIABLE = YES;
				IPHONEOS_DEPLOYMENT_TARGET = 8.4;
				MTL_ENABLE_DEBUG_INFO = YES;
				ONLY_ACTIVE_ARCH = YES;
				SDKROOT = iphoneos;
			};
			name = Debug;
		};
		AE1727311B70A46100AFBC4C /* Release */ = {
			isa = XCBuildConfiguration;
			buildSettings = {
				ALWAYS_SEARCH_USER_PATHS = NO;
				CLANG_CXX_LANGUAGE_STANDARD = "gnu++0x";
				CLANG_CXX_LIBRARY = "libc++";
				CLANG_ENABLE_MODULES = YES;
				CLANG_ENABLE_OBJC_ARC = YES;
				CLANG_WARN_BOOL_CONVERSION = YES;
				CLANG_WARN_CONSTANT_CONVERSION = YES;
				CLANG_WARN_DIRECT_OBJC_ISA_USAGE = YES_ERROR;
				CLANG_WARN_EMPTY_BODY = YES;
				CLANG_WARN_ENUM_CONVERSION = YES;
				CLANG_WARN_INT_CONVERSION = YES;
				CLANG_WARN_OBJC_ROOT_CLASS = YES_ERROR;
				CLANG_WARN_UNREACHABLE_CODE = YES;
				CLANG_WARN__DUPLICATE_METHOD_MATCH = YES;
				"CODE_SIGN_IDENTITY[sdk=iphoneos*]" = "iPhone Developer";
				COPY_PHASE_STRIP = NO;
				DEBUG_INFORMATION_FORMAT = "dwarf-with-dsym";
				ENABLE_NS_ASSERTIONS = NO;
				ENABLE_STRICT_OBJC_MSGSEND = YES;
				GCC_C_LANGUAGE_STANDARD = gnu99;
				GCC_NO_COMMON_BLOCKS = YES;
				GCC_WARN_64_TO_32_BIT_CONVERSION = YES;
				GCC_WARN_ABOUT_RETURN_TYPE = YES_ERROR;
				GCC_WARN_UNDECLARED_SELECTOR = YES;
				GCC_WARN_UNINITIALIZED_AUTOS = YES_AGGRESSIVE;
				GCC_WARN_UNUSED_FUNCTION = YES;
				GCC_WARN_UNUSED_VARIABLE = YES;
				IPHONEOS_DEPLOYMENT_TARGET = 8.4;
				MTL_ENABLE_DEBUG_INFO = NO;
				SDKROOT = iphoneos;
				VALIDATE_PRODUCT = YES;
			};
			name = Release;
		};
		AE1727331B70A46100AFBC4C /* Debug */ = {
			isa = XCBuildConfiguration;
			buildSettings = {
				ASSETCATALOG_COMPILER_APPICON_NAME = AppIcon;
				INFOPLIST_FILE = "View Switcher/Info.plist";
				LD_RUNPATH_SEARCH_PATHS = "$(inherited) @executable_path/Frameworks";
				PRODUCT_NAME = "$(TARGET_NAME)";
			};
			name = Debug;
		};
		AE1727341B70A46100AFBC4C /* Release */ = {
			isa = XCBuildConfiguration;
			buildSettings = {
				ASSETCATALOG_COMPILER_APPICON_NAME = AppIcon;
				INFOPLIST_FILE = "View Switcher/Info.plist";
				LD_RUNPATH_SEARCH_PATHS = "$(inherited) @executable_path/Frameworks";
				PRODUCT_NAME = "$(TARGET_NAME)";
			};
			name = Release;
		};
		AE1727361B70A46100AFBC4C /* Debug */ = {
			isa = XCBuildConfiguration;
			buildSettings = {
				BUNDLE_LOADER = "$(TEST_HOST)";
				FRAMEWORK_SEARCH_PATHS = (
					"$(SDKROOT)/Developer/Library/Frameworks",
					"$(inherited)",
				);
				GCC_PREPROCESSOR_DEFINITIONS = (
					"DEBUG=1",
					"$(inherited)",
				);
				INFOPLIST_FILE = "View SwitcherTests/Info.plist";
				LD_RUNPATH_SEARCH_PATHS = "$(inherited) @executable_path/Frameworks @loader_path/Frameworks";
				PRODUCT_NAME = "$(TARGET_NAME)";
				TEST_HOST = "$(BUILT_PRODUCTS_DIR)/View Switcher.app/View Switcher";
			};
			name = Debug;
		};
		AE1727371B70A46100AFBC4C /* Release */ = {
			isa = XCBuildConfiguration;
			buildSettings = {
				BUNDLE_LOADER = "$(TEST_HOST)";
				FRAMEWORK_SEARCH_PATHS = (
					"$(SDKROOT)/Developer/Library/Frameworks",
					"$(inherited)",
				);
				INFOPLIST_FILE = "View SwitcherTests/Info.plist";
				LD_RUNPATH_SEARCH_PATHS = "$(inherited) @executable_path/Frameworks @loader_path/Frameworks";
				PRODUCT_NAME = "$(TARGET_NAME)";
				TEST_HOST = "$(BUILT_PRODUCTS_DIR)/View Switcher.app/View Switcher";
			};
			name = Release;
		};
/* End XCBuildConfiguration section */

/* Begin XCConfigurationList section */
		AE17270A1B70A46100AFBC4C /* Build configuration list for PBXProject "View Switcher" */ = {
			isa = XCConfigurationList;
			buildConfigurations = (
				AE1727301B70A46100AFBC4C /* Debug */,
				AE1727311B70A46100AFBC4C /* Release */,
			);
			defaultConfigurationIsVisible = 0;
			defaultConfigurationName = Release;
		};
		AE1727321B70A46100AFBC4C /* Build configuration list for PBXNativeTarget "View Switcher" */ = {
			isa = XCConfigurationList;
			buildConfigurations = (
				AE1727331B70A46100AFBC4C /* Debug */,
				AE1727341B70A46100AFBC4C /* Release */,
			);
			defaultConfigurationIsVisible = 0;
		};
		AE1727351B70A46100AFBC4C /* Build configuration list for PBXNativeTarget "View SwitcherTests" */ = {
			isa = XCConfigurationList;
			buildConfigurations = (
				AE1727361B70A46100AFBC4C /* Debug */,
				AE1727371B70A46100AFBC4C /* Release */,
			);
			defaultConfigurationIsVisible = 0;
		};
/* End XCConfigurationList section */
	};
	rootObject = AE1727071B70A46100AFBC4C /* Project object */;
}
