// !$*UTF8*$!
{
	archiveVersion = 1;
	classes = {
	};
	objectVersion = 46;
	objects = {

/* Begin PBXBuildFile section */
		AE2AD4511B919A4A000F790A /* main.m in Sources */ = {isa = PBXBuildFile; fileRef = AE2AD4501B919A4A000F790A /* main.m */; };
		AE2AD4541B919A4A000F790A /* AppDelegate.m in Sources */ = {isa = PBXBuildFile; fileRef = AE2AD4531B919A4A000F790A /* AppDelegate.m */; };
		AE2AD4571B919A4A000F790A /* LevelScene.m in Sources */ = {isa = PBXBuildFile; fileRef = AE2AD4561B919A4A000F790A /* LevelScene.m */; };
		AE2AD4591B919A4A000F790A /* GameScene.sks in Resources */ = {isa = PBXBuildFile; fileRef = AE2AD4581B919A4A000F790A /* GameScene.sks */; };
		AE2AD45C1B919A4A000F790A /* GameViewController.m in Sources */ = {isa = PBXBuildFile; fileRef = AE2AD45B1B919A4A000F790A /* GameViewController.m */; };
		AE2AD45F1B919A4A000F790A /* Main.storyboard in Resources */ = {isa = PBXBuildFile; fileRef = AE2AD45D1B919A4A000F790A /* Main.storyboard */; };
		AE2AD4611B919A4A000F790A /* Images.xcassets in Resources */ = {isa = PBXBuildFile; fileRef = AE2AD4601B919A4A000F790A /* Images.xcassets */; };
		AE2AD4641B919A4A000F790A /* LaunchScreen.xib in Resources */ = {isa = PBXBuildFile; fileRef = AE2AD4621B919A4A000F790A /* LaunchScreen.xib */; };
		AE2AD4701B919A4A000F790A /* TextShooterTests.m in Sources */ = {isa = PBXBuildFile; fileRef = AE2AD46F1B919A4A000F790A /* TextShooterTests.m */; };
		AE546B461B91A42900428B1B /* PlayerNode.m in Sources */ = {isa = PBXBuildFile; fileRef = AE546B451B91A42900428B1B /* PlayerNode.m */; };
/* End PBXBuildFile section */

/* Begin PBXContainerItemProxy section */
		AE2AD46A1B919A4A000F790A /* PBXContainerItemProxy */ = {
			isa = PBXContainerItemProxy;
			containerPortal = AE2AD4431B919A4A000F790A /* Project object */;
			proxyType = 1;
			remoteGlobalIDString = AE2AD44A1B919A4A000F790A;
			remoteInfo = TextShooter;
		};
/* End PBXContainerItemProxy section */

/* Begin PBXFileReference section */
		AE2AD44B1B919A4A000F790A /* TextShooter.app */ = {isa = PBXFileReference; explicitFileType = wrapper.application; includeInIndex = 0; path = TextShooter.app; sourceTree = BUILT_PRODUCTS_DIR; };
		AE2AD44F1B919A4A000F790A /* Info.plist */ = {isa = PBXFileReference; lastKnownFileType = text.plist.xml; path = Info.plist; sourceTree = "<group>"; };
		AE2AD4501B919A4A000F790A /* main.m */ = {isa = PBXFileReference; lastKnownFileType = sourcecode.c.objc; path = main.m; sourceTree = "<group>"; };
		AE2AD4521B919A4A000F790A /* AppDelegate.h */ = {isa = PBXFileReference; lastKnownFileType = sourcecode.c.h; path = AppDelegate.h; sourceTree = "<group>"; };
		AE2AD4531B919A4A000F790A /* AppDelegate.m */ = {isa = PBXFileReference; lastKnownFileType = sourcecode.c.objc; path = AppDelegate.m; sourceTree = "<group>"; };
		AE2AD4551B919A4A000F790A /* LevelScene.h */ = {isa = PBXFileReference; lastKnownFileType = sourcecode.c.h; path = LevelScene.h; sourceTree = "<group>"; };
		AE2AD4561B919A4A000F790A /* LevelScene.m */ = {isa = PBXFileReference; lastKnownFileType = sourcecode.c.objc; path = LevelScene.m; sourceTree = "<group>"; };
		AE2AD4581B919A4A000F790A /* GameScene.sks */ = {isa = PBXFileReference; lastKnownFileType = file.sks; path = GameScene.sks; sourceTree = "<group>"; };
		AE2AD45A1B919A4A000F790A /* GameViewController.h */ = {isa = PBXFileReference; lastKnownFileType = sourcecode.c.h; path = GameViewController.h; sourceTree = "<group>"; };
		AE2AD45B1B919A4A000F790A /* GameViewController.m */ = {isa = PBXFileReference; lastKnownFileType = sourcecode.c.objc; path = GameViewController.m; sourceTree = "<group>"; };
		AE2AD45E1B919A4A000F790A /* Base */ = {isa = PBXFileReference; lastKnownFileType = file.storyboard; name = Base; path = Base.lproj/Main.storyboard; sourceTree = "<group>"; };
		AE2AD4601B919A4A000F790A /* Images.xcassets */ = {isa = PBXFileReference; lastKnownFileType = folder.assetcatalog; path = Images.xcassets; sourceTree = "<group>"; };
		AE2AD4631B919A4A000F790A /* Base */ = {isa = PBXFileReference; lastKnownFileType = file.xib; name = Base; path = Base.lproj/LaunchScreen.xib; sourceTree = "<group>"; };
		AE2AD4691B919A4A000F790A /* TextShooterTests.xctest */ = {isa = PBXFileReference; explicitFileType = wrapper.cfbundle; includeInIndex = 0; path = TextShooterTests.xctest; sourceTree = BUILT_PRODUCTS_DIR; };
		AE2AD46E1B919A4A000F790A /* Info.plist */ = {isa = PBXFileReference; lastKnownFileType = text.plist.xml; path = Info.plist; sourceTree = "<group>"; };
		AE2AD46F1B919A4A000F790A /* TextShooterTests.m */ = {isa = PBXFileReference; lastKnownFileType = sourcecode.c.objc; path = TextShooterTests.m; sourceTree = "<group>"; };
		AE546B441B91A42900428B1B /* PlayerNode.h */ = {isa = PBXFileReference; fileEncoding = 4; lastKnownFileType = sourcecode.c.h; path = PlayerNode.h; sourceTree = "<group>"; };
		AE546B451B91A42900428B1B /* PlayerNode.m */ = {isa = PBXFileReference; fileEncoding = 4; lastKnownFileType = sourcecode.c.objc; path = PlayerNode.m; sourceTree = "<group>"; };
/* End PBXFileReference section */

/* Begin PBXFrameworksBuildPhase section */
		AE2AD4481B919A4A000F790A /* Frameworks */ = {
			isa = PBXFrameworksBuildPhase;
			buildActionMask = 2147483647;
			files = (
			);
			runOnlyForDeploymentPostprocessing = 0;
		};
		AE2AD4661B919A4A000F790A /* Frameworks */ = {
			isa = PBXFrameworksBuildPhase;
			buildActionMask = 2147483647;
			files = (
			);
			runOnlyForDeploymentPostprocessing = 0;
		};
/* End PBXFrameworksBuildPhase section */

/* Begin PBXGroup section */
		AE2AD4421B919A4A000F790A = {
			isa = PBXGroup;
			children = (
				AE2AD44D1B919A4A000F790A /* TextShooter */,
				AE2AD46C1B919A4A000F790A /* TextShooterTests */,
				AE2AD44C1B919A4A000F790A /* Products */,
			);
			sourceTree = "<group>";
		};
		AE2AD44C1B919A4A000F790A /* Products */ = {
			isa = PBXGroup;
			children = (
				AE2AD44B1B919A4A000F790A /* TextShooter.app */,
				AE2AD4691B919A4A000F790A /* TextShooterTests.xctest */,
			);
			name = Products;
			sourceTree = "<group>";
		};
		AE2AD44D1B919A4A000F790A /* TextShooter */ = {
			isa = PBXGroup;
			children = (
				AE2AD4521B919A4A000F790A /* AppDelegate.h */,
				AE2AD4531B919A4A000F790A /* AppDelegate.m */,
				AE2AD4551B919A4A000F790A /* LevelScene.h */,
				AE2AD4561B919A4A000F790A /* LevelScene.m */,
				AE546B441B91A42900428B1B /* PlayerNode.h */,
				AE546B451B91A42900428B1B /* PlayerNode.m */,
				AE2AD4581B919A4A000F790A /* GameScene.sks */,
				AE2AD45A1B919A4A000F790A /* GameViewController.h */,
				AE2AD45B1B919A4A000F790A /* GameViewController.m */,
				AE2AD45D1B919A4A000F790A /* Main.storyboard */,
				AE2AD4601B919A4A000F790A /* Images.xcassets */,
				AE2AD4621B919A4A000F790A /* LaunchScreen.xib */,
				AE2AD44E1B919A4A000F790A /* Supporting Files */,
			);
			path = TextShooter;
			sourceTree = "<group>";
		};
		AE2AD44E1B919A4A000F790A /* Supporting Files */ = {
			isa = PBXGroup;
			children = (
				AE2AD44F1B919A4A000F790A /* Info.plist */,
				AE2AD4501B919A4A000F790A /* main.m */,
			);
			name = "Supporting Files";
			sourceTree = "<group>";
		};
		AE2AD46C1B919A4A000F790A /* TextShooterTests */ = {
			isa = PBXGroup;
			children = (
				AE2AD46F1B919A4A000F790A /* TextShooterTests.m */,
				AE2AD46D1B919A4A000F790A /* Supporting Files */,
			);
			path = TextShooterTests;
			sourceTree = "<group>";
		};
		AE2AD46D1B919A4A000F790A /* Supporting Files */ = {
			isa = PBXGroup;
			children = (
				AE2AD46E1B919A4A000F790A /* Info.plist */,
			);
			name = "Supporting Files";
			sourceTree = "<group>";
		};
/* End PBXGroup section */

/* Begin PBXNativeTarget section */
		AE2AD44A1B919A4A000F790A /* TextShooter */ = {
			isa = PBXNativeTarget;
			buildConfigurationList = AE2AD4731B919A4A000F790A /* Build configuration list for PBXNativeTarget "TextShooter" */;
			buildPhases = (
				AE2AD4471B919A4A000F790A /* Sources */,
				AE2AD4481B919A4A000F790A /* Frameworks */,
				AE2AD4491B919A4A000F790A /* Resources */,
			);
			buildRules = (
			);
			dependencies = (
			);
			name = TextShooter;
			productName = TextShooter;
			productReference = AE2AD44B1B919A4A000F790A /* TextShooter.app */;
			productType = "com.apple.product-type.application";
		};
		AE2AD4681B919A4A000F790A /* TextShooterTests */ = {
			isa = PBXNativeTarget;
			buildConfigurationList = AE2AD4761B919A4A000F790A /* Build configuration list for PBXNativeTarget "TextShooterTests" */;
			buildPhases = (
				AE2AD4651B919A4A000F790A /* Sources */,
				AE2AD4661B919A4A000F790A /* Frameworks */,
				AE2AD4671B919A4A000F790A /* Resources */,
			);
			buildRules = (
			);
			dependencies = (
				AE2AD46B1B919A4A000F790A /* PBXTargetDependency */,
			);
			name = TextShooterTests;
			productName = TextShooterTests;
			productReference = AE2AD4691B919A4A000F790A /* TextShooterTests.xctest */;
			productType = "com.apple.product-type.bundle.unit-test";
		};
/* End PBXNativeTarget section */

/* Begin PBXProject section */
		AE2AD4431B919A4A000F790A /* Project object */ = {
			isa = PBXProject;
			attributes = {
				LastUpgradeCheck = 0640;
				ORGANIZATIONNAME = Binboy;
				TargetAttributes = {
					AE2AD44A1B919A4A000F790A = {
						CreatedOnToolsVersion = 6.4;
					};
					AE2AD4681B919A4A000F790A = {
						CreatedOnToolsVersion = 6.4;
						TestTargetID = AE2AD44A1B919A4A000F790A;
					};
				};
			};
			buildConfigurationList = AE2AD4461B919A4A000F790A /* Build configuration list for PBXProject "TextShooter" */;
			compatibilityVersion = "Xcode 3.2";
			developmentRegion = English;
			hasScannedForEncodings = 0;
			knownRegions = (
				en,
				Base,
			);
			mainGroup = AE2AD4421B919A4A000F790A;
			productRefGroup = AE2AD44C1B919A4A000F790A /* Products */;
			projectDirPath = "";
			projectRoot = "";
			targets = (
				AE2AD44A1B919A4A000F790A /* TextShooter */,
				AE2AD4681B919A4A000F790A /* TextShooterTests */,
			);
		};
/* End PBXProject section */

/* Begin PBXResourcesBuildPhase section */
		AE2AD4491B919A4A000F790A /* Resources */ = {
			isa = PBXResourcesBuildPhase;
			buildActionMask = 2147483647;
			files = (
				AE2AD4641B919A4A000F790A /* LaunchScreen.xib in Resources */,
				AE2AD4611B919A4A000F790A /* Images.xcassets in Resources */,
				AE2AD4591B919A4A000F790A /* GameScene.sks in Resources */,
				AE2AD45F1B919A4A000F790A /* Main.storyboard in Resources */,
			);
			runOnlyForDeploymentPostprocessing = 0;
		};
		AE2AD4671B919A4A000F790A /* Resources */ = {
			isa = PBXResourcesBuildPhase;
			buildActionMask = 2147483647;
			files = (
			);
			runOnlyForDeploymentPostprocessing = 0;
		};
/* End PBXResourcesBuildPhase section */

/* Begin PBXSourcesBuildPhase section */
		AE2AD4471B919A4A000F790A /* Sources */ = {
			isa = PBXSourcesBuildPhase;
			buildActionMask = 2147483647;
			files = (
				AE2AD45C1B919A4A000F790A /* GameViewController.m in Sources */,
				AE2AD4541B919A4A000F790A /* AppDelegate.m in Sources */,
				AE2AD4571B919A4A000F790A /* LevelScene.m in Sources */,
				AE2AD4511B919A4A000F790A /* main.m in Sources */,
				AE546B461B91A42900428B1B /* PlayerNode.m in Sources */,
			);
			runOnlyForDeploymentPostprocessing = 0;
		};
		AE2AD4651B919A4A000F790A /* Sources */ = {
			isa = PBXSourcesBuildPhase;
			buildActionMask = 2147483647;
			files = (
				AE2AD4701B919A4A000F790A /* TextShooterTests.m in Sources */,
			);
			runOnlyForDeploymentPostprocessing = 0;
		};
/* End PBXSourcesBuildPhase section */

/* Begin PBXTargetDependency section */
		AE2AD46B1B919A4A000F790A /* PBXTargetDependency */ = {
			isa = PBXTargetDependency;
			target = AE2AD44A1B919A4A000F790A /* TextShooter */;
			targetProxy = AE2AD46A1B919A4A000F790A /* PBXContainerItemProxy */;
		};
/* End PBXTargetDependency section */

/* Begin PBXVariantGroup section */
		AE2AD45D1B919A4A000F790A /* Main.storyboard */ = {
			isa = PBXVariantGroup;
			children = (
				AE2AD45E1B919A4A000F790A /* Base */,
			);
			name = Main.storyboard;
			sourceTree = "<group>";
		};
		AE2AD4621B919A4A000F790A /* LaunchScreen.xib */ = {
			isa = PBXVariantGroup;
			children = (
				AE2AD4631B919A4A000F790A /* Base */,
			);
			name = LaunchScreen.xib;
			sourceTree = "<group>";
		};
/* End PBXVariantGroup section */

/* Begin XCBuildConfiguration section */
		AE2AD4711B919A4A000F790A /* Debug */ = {
			isa = XCBuildConfiguration;
			buildSettings = {
				ALWAYS_SEARCH_USER_PATHS = NO;
				CLANG_CXX_LANGUAGE_STANDARD = "gnu++0x";
				CLANG_CXX_LIBRARY = "libc++";
				CLANG_ENABLE_MODULES = YES;
				CLANG_ENABLE_OBJC_ARC = YES;
				CLANG_WARN_BOOL_CONVERSION = YES;
				CLANG_WARN_CONSTANT_CONVERSION = YES;
				CLANG_WARN_DIRECT_OBJC_ISA_USAGE = YES_ERROR;
				CLANG_WARN_EMPTY_BODY = YES;
				CLANG_WARN_ENUM_CONVERSION = YES;
				CLANG_WARN_INT_CONVERSION = YES;
				CLANG_WARN_OBJC_ROOT_CLASS = YES_ERROR;
				CLANG_WARN_UNREACHABLE_CODE = YES;
				CLANG_WARN__DUPLICATE_METHOD_MATCH = YES;
				"CODE_SIGN_IDENTITY[sdk=iphoneos*]" = "iPhone Developer";
				COPY_PHASE_STRIP = NO;
				DEBUG_INFORMATION_FORMAT = "dwarf-with-dsym";
				ENABLE_STRICT_OBJC_MSGSEND = YES;
				GCC_C_LANGUAGE_STANDARD = gnu99;
				GCC_DYNAMIC_NO_PIC = NO;
				GCC_NO_COMMON_BLOCKS = YES;
				GCC_OPTIMIZATION_LEVEL = 0;
				GCC_PREPROCESSOR_DEFINITIONS = (
					"DEBUG=1",
					"$(inherited)",
				);
				GCC_SYMBOLS_PRIVATE_EXTERN = NO;
				GCC_WARN_64_TO_32_BIT_CONVERSION = YES;
				GCC_WARN_ABOUT_RETURN_TYPE = YES_ERROR;
				GCC_WARN_UNDECLARED_SELECTOR = YES;
				GCC_WARN_UNINITIALIZED_AUTOS = YES_AGGRESSIVE;
				GCC_WARN_UNUSED_FUNCTION = YES;
				GCC_WARN_UNUSED_VARIABLE = YES;
				IPHONEOS_DEPLOYMENT_TARGET = 8.4;
				MTL_ENABLE_DEBUG_INFO = YES;
				ONLY_ACTIVE_ARCH = YES;
				SDKROOT = iphoneos;
			};
			name = Debug;
		};
		AE2AD4721B919A4A000F790A /* Release */ = {
			isa = XCBuildConfiguration;
			buildSettings = {
				ALWAYS_SEARCH_USER_PATHS = NO;
				CLANG_CXX_LANGUAGE_STANDARD = "gnu++0x";
				CLANG_CXX_LIBRARY = "libc++";
				CLANG_ENABLE_MODULES = YES;
				CLANG_ENABLE_OBJC_ARC = YES;
				CLANG_WARN_BOOL_CONVERSION = YES;
				CLANG_WARN_CONSTANT_CONVERSION = YES;
				CLANG_WARN_DIRECT_OBJC_ISA_USAGE = YES_ERROR;
				CLANG_WARN_EMPTY_BODY = YES;
				CLANG_WARN_ENUM_CONVERSION = YES;
				CLANG_WARN_INT_CONVERSION = YES;
				CLANG_WARN_OBJC_ROOT_CLASS = YES_ERROR;
				CLANG_WARN_UNREACHABLE_CODE = YES;
				CLANG_WARN__DUPLICATE_METHOD_MATCH = YES;
				"CODE_SIGN_IDENTITY[sdk=iphoneos*]" = "iPhone Developer";
				COPY_PHASE_STRIP = NO;
				DEBUG_INFORMATION_FORMAT = "dwarf-with-dsym";
				ENABLE_NS_ASSERTIONS = NO;
				ENABLE_STRICT_OBJC_MSGSEND = YES;
				GCC_C_LANGUAGE_STANDARD = gnu99;
				GCC_NO_COMMON_BLOCKS = YES;
				GCC_WARN_64_TO_32_BIT_CONVERSION = YES;
				GCC_WARN_ABOUT_RETURN_TYPE = YES_ERROR;
				GCC_WARN_UNDECLARED_SELECTOR = YES;
				GCC_WARN_UNINITIALIZED_AUTOS = YES_AGGRESSIVE;
				GCC_WARN_UNUSED_FUNCTION = YES;
				GCC_WARN_UNUSED_VARIABLE = YES;
				IPHONEOS_DEPLOYMENT_TARGET = 8.4;
				MTL_ENABLE_DEBUG_INFO = NO;
				SDKROOT = iphoneos;
				VALIDATE_PRODUCT = YES;
			};
			name = Release;
		};
		AE2AD4741B919A4A000F790A /* Debug */ = {
			isa = XCBuildConfiguration;
			buildSettings = {
				ASSETCATALOG_COMPILER_APPICON_NAME = AppIcon;
				INFOPLIST_FILE = TextShooter/Info.plist;
				LD_RUNPATH_SEARCH_PATHS = "$(inherited) @executable_path/Frameworks";
				PRODUCT_NAME = "$(TARGET_NAME)";
			};
			name = Debug;
		};
		AE2AD4751B919A4A000F790A /* Release */ = {
			isa = XCBuildConfiguration;
			buildSettings = {
				ASSETCATALOG_COMPILER_APPICON_NAME = AppIcon;
				INFOPLIST_FILE = TextShooter/Info.plist;
				LD_RUNPATH_SEARCH_PATHS = "$(inherited) @executable_path/Frameworks";
				PRODUCT_NAME = "$(TARGET_NAME)";
			};
			name = Release;
		};
		AE2AD4771B919A4A000F790A /* Debug */ = {
			isa = XCBuildConfiguration;
			buildSettings = {
				BUNDLE_LOADER = "$(TEST_HOST)";
				FRAMEWORK_SEARCH_PATHS = (
					"$(SDKROOT)/Developer/Library/Frameworks",
					"$(inherited)",
				);
				GCC_PREPROCESSOR_DEFINITIONS = (
					"DEBUG=1",
					"$(inherited)",
				);
				INFOPLIST_FILE = TextShooterTests/Info.plist;
				LD_RUNPATH_SEARCH_PATHS = "$(inherited) @executable_path/Frameworks @loader_path/Frameworks";
				PRODUCT_NAME = "$(TARGET_NAME)";
				TEST_HOST = "$(BUILT_PRODUCTS_DIR)/TextShooter.app/TextShooter";
			};
			name = Debug;
		};
		AE2AD4781B919A4A000F790A /* Release */ = {
			isa = XCBuildConfiguration;
			buildSettings = {
				BUNDLE_LOADER = "$(TEST_HOST)";
				FRAMEWORK_SEARCH_PATHS = (
					"$(SDKROOT)/Developer/Library/Frameworks",
					"$(inherited)",
				);
				INFOPLIST_FILE = TextShooterTests/Info.plist;
				LD_RUNPATH_SEARCH_PATHS = "$(inherited) @executable_path/Frameworks @loader_path/Frameworks";
				PRODUCT_NAME = "$(TARGET_NAME)";
				TEST_HOST = "$(BUILT_PRODUCTS_DIR)/TextShooter.app/TextShooter";
			};
			name = Release;
		};
/* End XCBuildConfiguration section */

/* Begin XCConfigurationList section */
		AE2AD4461B919A4A000F790A /* Build configuration list for PBXProject "TextShooter" */ = {
			isa = XCConfigurationList;
			buildConfigurations = (
				AE2AD4711B919A4A000F790A /* Debug */,
				AE2AD4721B919A4A000F790A /* Release */,
			);
			defaultConfigurationIsVisible = 0;
			defaultConfigurationName = Release;
		};
		AE2AD4731B919A4A000F790A /* Build configuration list for PBXNativeTarget "TextShooter" */ = {
			isa = XCConfigurationList;
			buildConfigurations = (
				AE2AD4741B919A4A000F790A /* Debug */,
				AE2AD4751B919A4A000F790A /* Release */,
			);
			defaultConfigurationIsVisible = 0;
			defaultConfigurationName = Release;
		};
		AE2AD4761B919A4A000F790A /* Build configuration list for PBXNativeTarget "TextShooterTests" */ = {
			isa = XCConfigurationList;
			buildConfigurations = (
				AE2AD4771B919A4A000F790A /* Debug */,
				AE2AD4781B919A4A000F790A /* Release */,
			);
			defaultConfigurationIsVisible = 0;
			defaultConfigurationName = Release;
		};
/* End XCConfigurationList section */
	};
	rootObject = AE2AD4431B919A4A000F790A /* Project object */;
}
